// !$*UTF8*$!
{
	archiveVersion = 1;
	classes = {
	};
	objectVersion = 46;
	objects = {

/* Begin PBXBuildFile section */
		003733918D588513DED7AD1C /* HFPasteboardOwner.h in Headers */ = {isa = PBXBuildFile; fileRef = 3CEE40D2DAA87EB1A2910B07 /* HFPasteboardOwner.h */; settings = {ATTRIBUTES = (Public, ); }; };
		033C69CB575B026CE8A81930 /* HFFastMemchr.h in Headers */ = {isa = PBXBuildFile; fileRef = 6C9FD70102D9CEE0163DD8E2 /* HFFastMemchr.h */; settings = {ATTRIBUTES = (Public, ); }; };
		079F57E9FDCBA10EA89CDC3F /* HFProgressTracker.h in Headers */ = {isa = PBXBuildFile; fileRef = 8666A597D50A19AEA8FCE19A /* HFProgressTracker.h */; settings = {ATTRIBUTES = (Public, ); }; };
		0A9A09B84680BA228A9A329C /* HFBTreeByteArray.h in Headers */ = {isa = PBXBuildFile; fileRef = F0B3CC9D23CC5392D37E7A65 /* HFBTreeByteArray.h */; settings = {ATTRIBUTES = (Public, ); }; };
		0DF91E92FEF4ED73DE1CBFEA /* HFByteRangeAttributeArray.h in Headers */ = {isa = PBXBuildFile; fileRef = C70D9DD6E0E6454385C25AE2 /* HFByteRangeAttributeArray.h */; settings = {ATTRIBUTES = (Public, ); }; };
		0FA42FA3C565E401648CC598 /* HFColorRange.m in Sources */ = {isa = PBXBuildFile; fileRef = 1025A1A990FEA9256DDFAB21 /* HFColorRange.m */; };
		114EF233755E1D1C81C768B6 /* HFByteSlice.h in Headers */ = {isa = PBXBuildFile; fileRef = 2A43A8E0AE1D72F9E830416F /* HFByteSlice.h */; settings = {ATTRIBUTES = (Public, ); }; };
		12611703DABC7AADF7D47C40 /* HFByteArray_FindReplace.m in Sources */ = {isa = PBXBuildFile; fileRef = 39DE0790A11727E7F1989363 /* HFByteArray_FindReplace.m */; };
		14877DD7E8070F6328A8BCA5 /* HFByteRangeAttribute.m in Sources */ = {isa = PBXBuildFile; fileRef = 2DC94474FC0E6DD12A97E472 /* HFByteRangeAttribute.m */; };
		18F907FB96EC8A96E73AC5E6 /* HFRandomDataByteSlice.m in Sources */ = {isa = PBXBuildFile; fileRef = 84731AD7FBB8A5A4EC7902B5 /* HFRandomDataByteSlice.m */; };
		1BC3C135B3F5999B416024BC /* HFByteArray_Internal.h in Headers */ = {isa = PBXBuildFile; fileRef = DE899D402833FA88DC6B5E56 /* HFByteArray_Internal.h */; };
		1D19BE39B13EE6A0C20B67B9 /* HFVerticalScrollerRepresenter.m in Sources */ = {isa = PBXBuildFile; fileRef = 3EF84F046EAFEC69E79EC01F /* HFVerticalScrollerRepresenter.m */; };
		1DDADCE193285C058F277C63 /* HFNSStringEncoding.h in Headers */ = {isa = PBXBuildFile; fileRef = 566175F40C02B68881818D14 /* HFNSStringEncoding.h */; settings = {ATTRIBUTES = (Public, ); }; };
		1E1F2DAF669C28E196BB6DC6 /* HFGlyphTrie.m in Sources */ = {isa = PBXBuildFile; fileRef = D6776F14808FD6AA738F3555 /* HFGlyphTrie.m */; };
		1E4C813F440D605E5EEB2EB9 /* HFUIUtils.h in Headers */ = {isa = PBXBuildFile; fileRef = E355AE9D0A909FB93334B5E9 /* HFUIUtils.h */; settings = {ATTRIBUTES = (Public, ); }; };
		20DB92787EA9B19F6F2D0511 /* HFFunctions.h in Headers */ = {isa = PBXBuildFile; fileRef = D525244F52DB7994A18C42C2 /* HFFunctions.h */; settings = {ATTRIBUTES = (Public, ); }; };
		2728EE8C3038DCCF919BD6E4 /* HFGlyphTrie.h in Headers */ = {isa = PBXBuildFile; fileRef = 7DCE650A2D3FE81ED25C7029 /* HFGlyphTrie.h */; settings = {ATTRIBUTES = (Public, ); }; };
		279AEFB0E934718042968B78 /* HFAnnotatedTree.h in Headers */ = {isa = PBXBuildFile; fileRef = 81A545136FC2B2F8596B12E0 /* HFAnnotatedTree.h */; };
		289C1C0D5DD5DE9B326E76F0 /* HFTextField.m in Sources */ = {isa = PBXBuildFile; fileRef = 887D0B92C907018E24D839EC /* HFTextField.m */; };
		299AF01EAA17E65871F0D6D1 /* HFLayoutRepresenter.h in Headers */ = {isa = PBXBuildFile; fileRef = A5AFCA5DAD51A7B312FC1E63 /* HFLayoutRepresenter.h */; settings = {ATTRIBUTES = (Public, ); }; };
		2AAE09A256A597A8128B4C02 /* HexFiend.h in Headers */ = {isa = PBXBuildFile; fileRef = 9BE1EDB70BAE2991F89E55D7 /* HexFiend.h */; settings = {ATTRIBUTES = (Public, ); }; };
		2C49E0BB57A33D73F15CB69D /* HFLayoutRepresenter.m in Sources */ = {isa = PBXBuildFile; fileRef = A159A9C9E747D596FF32C8D2 /* HFLayoutRepresenter.m */; };
		2CFE2DB615AD45240AFF2C42 /* HFLineCountingRepresenter.m in Sources */ = {isa = PBXBuildFile; fileRef = 5B3FFE60770DBEE33B2003BF /* HFLineCountingRepresenter.m */; };
		32068326EBBCAA251E047FC5 /* HFByteSliceFileOperation.m in Sources */ = {isa = PBXBuildFile; fileRef = 8C68FAD9249EF85A9E1F3E91 /* HFByteSliceFileOperation.m */; };
		33037A31CF607BD6C99C39EE /* HFTextSelectionPulseView.h in Headers */ = {isa = PBXBuildFile; fileRef = D6CCEF7F4370052594C3AE7D /* HFTextSelectionPulseView.h */; };
		33DEBC03CA8320630BF3A7F6 /* HFTextView.h in Headers */ = {isa = PBXBuildFile; fileRef = A1970A9CFE4B52AEA8983C67 /* HFTextView.h */; settings = {ATTRIBUTES = (Public, ); }; };
		3836FE63CF07119153727261 /* HFByteArrayProxiedData.m in Sources */ = {isa = PBXBuildFile; fileRef = 8B3093DF682450F1E5F15A40 /* HFByteArrayProxiedData.m */; };
		39E2CB54E1DEEEC187C4EE16 /* HFByteArrayEditScript.h in Headers */ = {isa = PBXBuildFile; fileRef = 308A0D18E591942B6711B852 /* HFByteArrayEditScript.h */; settings = {ATTRIBUTES = (Public, ); }; };
		3BD31CF44055E48D68563938 /* HFSharedMemoryByteSlice.h in Headers */ = {isa = PBXBuildFile; fileRef = 633C838705A922A69C68B022 /* HFSharedMemoryByteSlice.h */; settings = {ATTRIBUTES = (Public, ); }; };
		3D8131CAFF09150BBC3C7095 /* HFEncodingManager.h in Headers */ = {isa = PBXBuildFile; fileRef = 5F8A5282F45A034C09F3868F /* HFEncodingManager.h */; settings = {ATTRIBUTES = (Public, ); }; };
		3EF6AC92BB0C9300741374C7 /* HFHexGlyphTable.m in Sources */ = {isa = PBXBuildFile; fileRef = 216CD5C3401EED3A0E40F6F6 /* HFHexGlyphTable.m */; };
		41101BAD99915D0D44DC29B9 /* HFTest.h in Headers */ = {isa = PBXBuildFile; fileRef = CC38A9F6D887B6352836FBBB /* HFTest.h */; };
		466B20E021F44AFB2777D4EA /* HFBinaryGlyphTable.h in Headers */ = {isa = PBXBuildFile; fileRef = 2528222C41BF28C049EA6F65 /* HFBinaryGlyphTable.h */; settings = {ATTRIBUTES = (Public, ); }; };
		49256E2930EE9CFE7982C873 /* HFController.m in Sources */ = {isa = PBXBuildFile; fileRef = 70D62CF31AF76C36444D51DC /* HFController.m */; };
		4961629767374E5DCAA0587C /* HFRepresenter_Internal.h in Headers */ = {isa = PBXBuildFile; fileRef = E5CD44B915A7B9040106105D /* HFRepresenter_Internal.h */; };
		5021306493A18E503F4CAB81 /* HFRepresenterTextViewCallout.h in Headers */ = {isa = PBXBuildFile; fileRef = AB2BE72471B4118D01620336 /* HFRepresenterTextViewCallout.h */; };
		52B2C44FA8C80B075711210C /* HFTextRepresenter.h in Headers */ = {isa = PBXBuildFile; fileRef = 7290B9692453E332BC97EAE7 /* HFTextRepresenter.h */; settings = {ATTRIBUTES = (Public, ); }; };
		53A153F9730E285FDCD313C6 /* HFHelperProcessSharedCode.h in Headers */ = {isa = PBXBuildFile; fileRef = A14122C3916540F0FA5FA073 /* HFHelperProcessSharedCode.h */; };
		5AD675343D3AAF3B0F7395BB /* HFProgressTracker.m in Sources */ = {isa = PBXBuildFile; fileRef = 7823AB2A018CC74B3A4A8DCF /* HFProgressTracker.m */; };
		5C0C461DFDFE438037CC3734 /* HFRepresenterBinaryTextView.h in Headers */ = {isa = PBXBuildFile; fileRef = 7E38A6DEFFC35EF91B4A0FAC /* HFRepresenterBinaryTextView.h */; };
		5CAB132529AC717F37E69B05 /* HFObjectGraph.m in Sources */ = {isa = PBXBuildFile; fileRef = 4D2DFD5D9B227771499A3882 /* HFObjectGraph.m */; };
		5E27D9F38460ED5DEEAF1DFE /* HFVerticalScrollerRepresenter.h in Headers */ = {isa = PBXBuildFile; fileRef = 503292D75A914179217A12E1 /* HFVerticalScrollerRepresenter.h */; settings = {ATTRIBUTES = (Public, ); }; };
		60E13D825BCA8741759E01D7 /* HFRepresenter.m in Sources */ = {isa = PBXBuildFile; fileRef = BC8CC8D449C1FA9854F2B8C5 /* HFRepresenter.m */; };
		60E1926A76BFBE69BA69A3F4 /* HFBinaryTextRepresenter.h in Headers */ = {isa = PBXBuildFile; fileRef = 8931FEF6EE3F8088CC3A67B5 /* HFBinaryTextRepresenter.h */; settings = {ATTRIBUTES = (Public, ); }; };
		62CCDD01BE596992B31ABF28 /* HFFullMemoryByteSlice.m in Sources */ = {isa = PBXBuildFile; fileRef = AA88DB9B07103109D76F0352 /* HFFullMemoryByteSlice.m */; };
		64BB162D9240143E7D2F7BFA /* HFCancelButton.h in Headers */ = {isa = PBXBuildFile; fileRef = 73E879DB7716510D87117B9F /* HFCancelButton.h */; settings = {ATTRIBUTES = (Public, ); }; };
		66D2CB600C7638FEA2BCF566 /* HFFullMemoryByteSlice.h in Headers */ = {isa = PBXBuildFile; fileRef = 7A6227AA92EC9A6EA58B844F /* HFFullMemoryByteSlice.h */; settings = {ATTRIBUTES = (Public, ); }; };
		6702E531FBA3A551717276B7 /* HFPasteboardOwner.m in Sources */ = {isa = PBXBuildFile; fileRef = 4C3B085664328497D765FE90 /* HFPasteboardOwner.m */; };
		6887F2CC0B15D36DC6088299 /* HFHexGlyphTable.h in Headers */ = {isa = PBXBuildFile; fileRef = BBA194125A944C2DAF411532 /* HFHexGlyphTable.h */; settings = {ATTRIBUTES = (Public, ); }; };
		68C65C92326E41DF5CA641A1 /* HFTextRepresenter.m in Sources */ = {isa = PBXBuildFile; fileRef = 7C7AA6B3924D3410A91958A4 /* HFTextRepresenter.m */; };
		68D4D6D0811A0CAAC39FD4BC /* HFByteRangeAttribute.h in Headers */ = {isa = PBXBuildFile; fileRef = 2EECAB6F58A22271FC2F57C2 /* HFByteRangeAttribute.h */; settings = {ATTRIBUTES = (Public, ); }; };
		69CEB282A111AB5C4BED622D /* HFTextSelectionPulseView.m in Sources */ = {isa = PBXBuildFile; fileRef = 42D4B20DA7FA47E50EF022EF /* HFTextSelectionPulseView.m */; };
		6A2C9B9417537DA0FBECE21C /* HFAssert.h in Headers */ = {isa = PBXBuildFile; fileRef = A07E8277A66FE84620C9447F /* HFAssert.h */; settings = {ATTRIBUTES = (Public, ); }; };
		6CED19896D77563B9EE4D22E /* HFTextVisualStyleRun.h in Headers */ = {isa = PBXBuildFile; fileRef = D77586031B1AE47EB3B9B386 /* HFTextVisualStyleRun.h */; settings = {ATTRIBUTES = (); }; };
		6E63FF648DAE9D685E75359F /* HFFileReference.m in Sources */ = {isa = PBXBuildFile; fileRef = 0EAAAE509DAFE79A4456E682 /* HFFileReference.m */; };
		729288E9281E74EDBD3596B6 /* HFColumnView.h in Headers */ = {isa = PBXBuildFile; fileRef = 842BE48F75813CBF477A4242 /* HFColumnView.h */; settings = {ATTRIBUTES = (Public, ); }; };
		73EBAE4D3C9F1F6FD74184D9 /* HFAttributedByteArray.h in Headers */ = {isa = PBXBuildFile; fileRef = A051B83993646BC6EFD694C2 /* HFAttributedByteArray.h */; settings = {ATTRIBUTES = (Public, ); }; };
		7DCAB47BB751ECCB593832EE /* HFHexTextRepresenter.m in Sources */ = {isa = PBXBuildFile; fileRef = CFA81498B1D36852FEFD069D /* HFHexTextRepresenter.m */; };
		7DDBFA3D499873F8C4D7EB65 /* HFLineCountingView.m in Sources */ = {isa = PBXBuildFile; fileRef = 81E1E6549A5916912916ECDC /* HFLineCountingView.m */; };
		802FB1AE26EC8B7422FB7132 /* HFControllerCoalescedUndo.h in Headers */ = {isa = PBXBuildFile; fileRef = 6061BE51E38A8599436B6BAF /* HFControllerCoalescedUndo.h */; };
		80AD7B96B74A772DDD495054 /* HFByteArray.m in Sources */ = {isa = PBXBuildFile; fileRef = 769690DE947AD185C7D8236C /* HFByteArray.m */; };
		81F8312EF35747BD1145A369 /* HFObjectGraph.h in Headers */ = {isa = PBXBuildFile; fileRef = 389EA3A3ACE3CE4FF0BA2986 /* HFObjectGraph.h */; };
		83E71202AA67BB8574756664 /* HFByteArray.h in Headers */ = {isa = PBXBuildFile; fileRef = 94AE18499240032C12CEBCD2 /* HFByteArray.h */; settings = {ATTRIBUTES = (Public, ); }; };
		83FA2A1CBD20510F7B713317 /* HFByteSliceFileOperationQueueEntry.h in Headers */ = {isa = PBXBuildFile; fileRef = 77B8161105100A09655A102C /* HFByteSliceFileOperationQueueEntry.h */; };
		850E270FB7A478167C9D7546 /* HFAttributedByteArray.m in Sources */ = {isa = PBXBuildFile; fileRef = 9B53400BE20828F721BC1A9E /* HFAttributedByteArray.m */; };
		86D64600CD4BD505D6D8BC46 /* HFSharedMemoryByteSlice.m in Sources */ = {isa = PBXBuildFile; fileRef = 3CE52EEFF684419E9510F323 /* HFSharedMemoryByteSlice.m */; };
		896F4CB4A9FC46BF02B75DAA /* HFRepresenterStringEncodingTextView.m in Sources */ = {isa = PBXBuildFile; fileRef = 61F6933E24CB67CECE989424 /* HFRepresenterStringEncodingTextView.m */; };
		91523654712C5E20BF923BC8 /* HFBinaryGlyphTable.m in Sources */ = {isa = PBXBuildFile; fileRef = 5342643EC5644E7C0EC20F48 /* HFBinaryGlyphTable.m */; };
		917A48043EA607E66766E296 /* HFBTree.m in Sources */ = {isa = PBXBuildFile; fileRef = 8EBEC4770829BFD00AB9909C /* HFBTree.m */; };
		96B10E4695117AB891E1A56D /* HFAnnotatedTree.m in Sources */ = {isa = PBXBuildFile; fileRef = 8C2E40765E857A711890D491 /* HFAnnotatedTree.m */; };
		9B9FA275FC0A3FA6FD1E654B /* HFBTreeByteArray.m in Sources */ = {isa = PBXBuildFile; fileRef = C0E3A9F51C15F0DE4102EFC2 /* HFBTreeByteArray.m */; };
		9D44A6A29D214B91DF26D9EF /* HFControllerCoalescedUndo.m in Sources */ = {isa = PBXBuildFile; fileRef = AB9953DC6750348A392504F9 /* HFControllerCoalescedUndo.m */; };
		A0790288D49FE9D1D00AC4AF /* HFTextRepresenter_KeyBinding.m in Sources */ = {isa = PBXBuildFile; fileRef = E0945B4222F0EAE37101B44B /* HFTextRepresenter_KeyBinding.m */; };
		A27543B41793F36EAEB36EE0 /* HFFullMemoryByteArray.h in Headers */ = {isa = PBXBuildFile; fileRef = 759051E5E5D90343BA90D9C2 /* HFFullMemoryByteArray.h */; settings = {ATTRIBUTES = (Public, ); }; };
		A5178ECCAAEEE121D1948E01 /* HFStringEncodingTextRepresenter.h in Headers */ = {isa = PBXBuildFile; fileRef = 5D83F98364095F609DB6CB4A /* HFStringEncodingTextRepresenter.h */; settings = {ATTRIBUTES = (Public, ); }; };
		A543E047AC267532DB0CB57A /* HFRepresenterTextView.h in Headers */ = {isa = PBXBuildFile; fileRef = 1CD66D1CF5DCD240F85B371F /* HFRepresenterTextView.h */; settings = {ATTRIBUTES = (Public, ); }; };
		A548297E95EE125210871084 /* HFByteSliceFileOperationQueueEntry.m in Sources */ = {isa = PBXBuildFile; fileRef = EAE4E14CCA178C976C061AD4 /* HFByteSliceFileOperationQueueEntry.m */; };
		A71B6204F1ED68BEC33FFD48 /* HFStringEncoding.h in Headers */ = {isa = PBXBuildFile; fileRef = 1F666B445CC402F81408020F /* HFStringEncoding.h */; settings = {ATTRIBUTES = (Public, ); }; };
		A73C3E4AF98693F294AA232D /* HFTextRepresenter_Internal.h in Headers */ = {isa = PBXBuildFile; fileRef = A0FA8D7B2B987A2E1771DD0A /* HFTextRepresenter_Internal.h */; };
		A7ECF268BE60CA0DDA323C5C /* HFTextVisualStyleRun.m in Sources */ = {isa = PBXBuildFile; fileRef = B76E9C027D4AC5059643630C /* HFTextVisualStyleRun.m */; };
		A88C3B2D8142602A9153B41F /* HFRepresenterHexTextView.h in Headers */ = {isa = PBXBuildFile; fileRef = 0E9D59265B3935573A7184D7 /* HFRepresenterHexTextView.h */; settings = {ATTRIBUTES = (); }; };
		A8DA9115F9A166AD1AB56A96 /* HFRepresenterStringEncodingTextView.h in Headers */ = {isa = PBXBuildFile; fileRef = 3EDA1F81680855EB0DDA0CB6 /* HFRepresenterStringEncodingTextView.h */; settings = {ATTRIBUTES = (); }; };
		A9F122E34055B90F92965657 /* HFLineCountingView.h in Headers */ = {isa = PBXBuildFile; fileRef = 57F78ABD273178847465674F /* HFLineCountingView.h */; settings = {ATTRIBUTES = (Public, ); }; };
		AA33A09227E7F2A1705DD844 /* HFCancelButton.m in Sources */ = {isa = PBXBuildFile; fileRef = 2A41D87588885D7C57090565 /* HFCancelButton.m */; };
		ADED709F4D12C890A7DDF6CF /* HFByteSlice_Private.h in Headers */ = {isa = PBXBuildFile; fileRef = FE8EBC399C0EE59958E5EA98 /* HFByteSlice_Private.h */; };
		ADFE9778CE8F32E1F6C90782 /* HFHexPasteboardOwner.m in Sources */ = {isa = PBXBuildFile; fileRef = F9AAB100D53BBC9141FD1A12 /* HFHexPasteboardOwner.m */; };
		AE3D19C36F6BB7E5BB4A0D79 /* HFByteArrayProxiedData.h in Headers */ = {isa = PBXBuildFile; fileRef = D5622206963322B8D5648214 /* HFByteArrayProxiedData.h */; };
		B1382524B28078C956F65F97 /* HFFileReference.h in Headers */ = {isa = PBXBuildFile; fileRef = 2AF85B53B6461E5DABD529B2 /* HFFileReference.h */; settings = {ATTRIBUTES = (Public, ); }; };
		B38C614179FEBD0D2833F388 /* HFHexTextRepresenter.h in Headers */ = {isa = PBXBuildFile; fileRef = 50C3E1C1711AACF8C212D5C1 /* HFHexTextRepresenter.h */; settings = {ATTRIBUTES = (Public, ); }; };
		B48ACA3DD90B0D36003E78B8 /* HFColumnView.m in Sources */ = {isa = PBXBuildFile; fileRef = 599D1D0FA886B06CF93671F8 /* HFColumnView.m */; };
		B4F303CD1F42690130E2DA69 /* HFFileByteSlice.m in Sources */ = {isa = PBXBuildFile; fileRef = 20A8CEA6821836B9C8C890F5 /* HFFileByteSlice.m */; };
		B5A6D8A3D30B7736E4E4DA14 /* HFColumnRepresenter.m in Sources */ = {isa = PBXBuildFile; fileRef = C4223B5156A446BCAE14D26C /* HFColumnRepresenter.m */; };
		B64FBF935F86ADAE1994D16D /* HFByteSliceFileOperation.h in Headers */ = {isa = PBXBuildFile; fileRef = BFA658262A81EDD2D8B48693 /* HFByteSliceFileOperation.h */; };
		B676DC650E20EE700CA442FE /* HFHexPasteboardOwner.h in Headers */ = {isa = PBXBuildFile; fileRef = 5FA1FB7E42B5148D97F4E2CE /* HFHexPasteboardOwner.h */; settings = {ATTRIBUTES = (Public, ); }; };
		B842FE303AE33865666157D1 /* HFLineCountingRepresenter.h in Headers */ = {isa = PBXBuildFile; fileRef = 66B3BB8936F2398405314167 /* HFLineCountingRepresenter.h */; settings = {ATTRIBUTES = (Public, ); }; };
		B86F6AD460E12982F65782A0 /* HFByteRangeAttributeArray.m in Sources */ = {isa = PBXBuildFile; fileRef = 0F3FA372842FF74D2941A5D6 /* HFByteRangeAttributeArray.m */; };
		B9A15ED73F35730207B5A2A3 /* HFCustomEncoding.m in Sources */ = {isa = PBXBuildFile; fileRef = 3E2BBDAE8B4E7A2A0D9EAEEE /* HFCustomEncoding.m */; };
		BA3D9F9007F230CDC4B02064 /* HFTextView.m in Sources */ = {isa = PBXBuildFile; fileRef = 2FE8F4C38AF2B1550C9EDAD8 /* HFTextView.m */; };
		C07B2C9B5AE8A692BF6096B7 /* HFFullMemoryByteArray.m in Sources */ = {isa = PBXBuildFile; fileRef = 4B444E9F9E64AFD1231912F9 /* HFFullMemoryByteArray.m */; };
		C33D92E34168AAFF2538389D /* HFStatusBarRepresenter.m in Sources */ = {isa = PBXBuildFile; fileRef = E43FBE8D6C8AA5CDF3317A03 /* HFStatusBarRepresenter.m */; };
		C4628AE2D6EA23D2186499A8 /* HFFrameworkPrefix.h in Headers */ = {isa = PBXBuildFile; fileRef = ABC4E0C1E29EA244F1BFEBB5 /* HFFrameworkPrefix.h */; settings = {ATTRIBUTES = (Public, ); }; };
		C6BACED1E73511CA0E17B544 /* HFFastMemchr.m in Sources */ = {isa = PBXBuildFile; fileRef = 9F717328D8C0385C310755FA /* HFFastMemchr.m */; };
		C8A8EF0E55352169B77F0BAA /* HFTypes.h in Headers */ = {isa = PBXBuildFile; fileRef = 8E169B58577CF7B7FAA6FF79 /* HFTypes.h */; settings = {ATTRIBUTES = (Public, ); }; };
		CA5FF96AC55D3DE445996BD1 /* HFColumnRepresenter.h in Headers */ = {isa = PBXBuildFile; fileRef = B8C0D36F67C39490FD7C572B /* HFColumnRepresenter.h */; settings = {ATTRIBUTES = (Public, ); }; };
		CC4EFB0383F7BFE99EEFD122 /* HFFunctions.m in Sources */ = {isa = PBXBuildFile; fileRef = E01BC61C54364B431B4BEB16 /* HFFunctions.m */; };
		CD5E42F74962AA7541E7FAEC /* HFNSStringEncoding.m in Sources */ = {isa = PBXBuildFile; fileRef = BFFE36CAFEFC59F7C286CCC0 /* HFNSStringEncoding.m */; };
		D0FF43FBEAB20B11ECC2374D /* HFRepresenter.h in Headers */ = {isa = PBXBuildFile; fileRef = D0DAF5B25935848E8E184698 /* HFRepresenter.h */; settings = {ATTRIBUTES = (Public, ); }; };
		D205D4B6EF0615869D3F6902 /* HFByteArrayEditScript.m in Sources */ = {isa = PBXBuildFile; fileRef = 924BC220ED0590E29D44D2E4 /* HFByteArrayEditScript.m */; };
		D27A01FBC785CB310F46EC35 /* Cocoa.framework in Frameworks */ = {isa = PBXBuildFile; fileRef = 6B3CED76D7B4D2AF51922764 /* Cocoa.framework */; };
		D3E2A2CD4859BC75F1B4C6EB /* HFRepresenterHexTextView.m in Sources */ = {isa = PBXBuildFile; fileRef = 83BC2715B8671C1A3B919E70 /* HFRepresenterHexTextView.m */; };
		D5E7209D983B568AADF61A5F /* HFRepresenterBinaryTextView.m in Sources */ = {isa = PBXBuildFile; fileRef = E51A2B0CE2254DFC47BCE4F5 /* HFRepresenterBinaryTextView.m */; };
		D8D8CE70A38F280314056A90 /* HFController.h in Headers */ = {isa = PBXBuildFile; fileRef = E24687153BB6DB49A8A4CDC6 /* HFController.h */; settings = {ATTRIBUTES = (Public, ); }; };
		E25FFF91204B4B9A3F9C6683 /* HFStatusBarRepresenter.h in Headers */ = {isa = PBXBuildFile; fileRef = 15F4CA156604554C87B33D28 /* HFStatusBarRepresenter.h */; settings = {ATTRIBUTES = (Public, ); }; };
		E448B53DF926ECB059DFC7C4 /* HFRepresenterTextView.m in Sources */ = {isa = PBXBuildFile; fileRef = DC3B9125F1F6F44DDB5D21D0 /* HFRepresenterTextView.m */; };
		E7879304A75EC4810B350081 /* HFTextField.h in Headers */ = {isa = PBXBuildFile; fileRef = 054E91BAF1360ABF353EF13A /* HFTextField.h */; settings = {ATTRIBUTES = (Public, ); }; };
		E988B5AAEFF2878BCC6F457F /* HFUIUtils.m in Sources */ = {isa = PBXBuildFile; fileRef = 808376D67553AE958353CD19 /* HFUIUtils.m */; };
		E9A4E9B47AA46BEE1845EABE /* HFColorRange.h in Headers */ = {isa = PBXBuildFile; fileRef = 08DF3AF7169223A6E95262D2 /* HFColorRange.h */; };
		EAB61B0EF7648E63C0490B18 /* HFEncodingManager.m in Sources */ = {isa = PBXBuildFile; fileRef = D51D54EC97C5A5393DA98494 /* HFEncodingManager.m */; };
		EB0F64BAA467F3F577A440C7 /* HFStringEncoding.m in Sources */ = {isa = PBXBuildFile; fileRef = 34CBA192FE3DA6CE8F137DB8 /* HFStringEncoding.m */; };
		EED5E98F8961F7F377A207B8 /* HFByteArray_FileWriting.m in Sources */ = {isa = PBXBuildFile; fileRef = 49FC44FA817CE730345714B8 /* HFByteArray_FileWriting.m */; };
		F13CCF08A58E7C04EE9F1A65 /* HFBinaryTextRepresenter.m in Sources */ = {isa = PBXBuildFile; fileRef = E4AEC4C0457F29DE3FE2F84D /* HFBinaryTextRepresenter.m */; };
		F1669602DE9C1195B1E12127 /* HFRandomDataByteSlice.h in Headers */ = {isa = PBXBuildFile; fileRef = A85C3D6CA2E51C3D783C8904 /* HFRandomDataByteSlice.h */; settings = {ATTRIBUTES = (); }; };
		F519F9BBAC71E9A3442D8EF2 /* HFBTree.h in Headers */ = {isa = PBXBuildFile; fileRef = 8EDB1DCC2811B58320DEC1E8 /* HFBTree.h */; };
		F7349422B6662A2589A0A0A2 /* HFFileByteSlice.h in Headers */ = {isa = PBXBuildFile; fileRef = B8D73096C7FFA8B201152034 /* HFFileByteSlice.h */; settings = {ATTRIBUTES = (Public, ); }; };
		FAB94895223F1447CAFB1FCD /* HFByteSlice.m in Sources */ = {isa = PBXBuildFile; fileRef = 26C75F7D27D8CB968902974D /* HFByteSlice.m */; };
		FACC958F1553BBF581177FB0 /* HFRepresenterTextViewCallout.m in Sources */ = {isa = PBXBuildFile; fileRef = CF7707F3F48E6AC7C3AC24D9 /* HFRepresenterTextViewCallout.m */; };
		FB01D9EA8970D4AF82CDBE29 /* HFCustomEncoding.h in Headers */ = {isa = PBXBuildFile; fileRef = 3ADE7C1360ADF5756267DBE6 /* HFCustomEncoding.h */; settings = {ATTRIBUTES = (Public, ); }; };
		FCCAA88CFED6E7B55AB16A36 /* HFStringEncodingTextRepresenter.m in Sources */ = {isa = PBXBuildFile; fileRef = 9FCF9CCD1788A34D3B89203E /* HFStringEncodingTextRepresenter.m */; };
/* End PBXBuildFile section */

/* Begin PBXFileReference section */
		054E91BAF1360ABF353EF13A /* HFTextField.h */ = {isa = PBXFileReference; includeInIndex = 1; lastKnownFileType = sourcecode.c.h; name = HFTextField.h; path = ../HexFiend/framework/sources/HFTextField.h; sourceTree = "<group>"; };
		08DF3AF7169223A6E95262D2 /* HFColorRange.h */ = {isa = PBXFileReference; includeInIndex = 1; lastKnownFileType = sourcecode.c.h; name = HFColorRange.h; path = ../HexFiend/framework/sources/HFColorRange.h; sourceTree = "<group>"; };
		0E9D59265B3935573A7184D7 /* HFRepresenterHexTextView.h */ = {isa = PBXFileReference; includeInIndex = 1; lastKnownFileType = sourcecode.c.h; name = HFRepresenterHexTextView.h; path = ../HexFiend/framework/sources/HFRepresenterHexTextView.h; sourceTree = "<group>"; };
		0EAAAE509DAFE79A4456E682 /* HFFileReference.m */ = {isa = PBXFileReference; includeInIndex = 1; lastKnownFileType = sourcecode.c.objc; name = HFFileReference.m; path = ../HexFiend/framework/sources/HFFileReference.m; sourceTree = "<group>"; };
		0F3FA372842FF74D2941A5D6 /* HFByteRangeAttributeArray.m */ = {isa = PBXFileReference; includeInIndex = 1; lastKnownFileType = sourcecode.c.objc; name = HFByteRangeAttributeArray.m; path = ../HexFiend/framework/sources/HFByteRangeAttributeArray.m; sourceTree = "<group>"; };
		1025A1A990FEA9256DDFAB21 /* HFColorRange.m */ = {isa = PBXFileReference; includeInIndex = 1; lastKnownFileType = sourcecode.c.objc; name = HFColorRange.m; path = ../HexFiend/framework/sources/HFColorRange.m; sourceTree = "<group>"; };
		15F4CA156604554C87B33D28 /* HFStatusBarRepresenter.h */ = {isa = PBXFileReference; includeInIndex = 1; lastKnownFileType = sourcecode.c.h; name = HFStatusBarRepresenter.h; path = ../HexFiend/framework/sources/HFStatusBarRepresenter.h; sourceTree = "<group>"; };
		1CD66D1CF5DCD240F85B371F /* HFRepresenterTextView.h */ = {isa = PBXFileReference; includeInIndex = 1; lastKnownFileType = sourcecode.c.h; name = HFRepresenterTextView.h; path = ../HexFiend/framework/sources/HFRepresenterTextView.h; sourceTree = "<group>"; };
		1F666B445CC402F81408020F /* HFStringEncoding.h */ = {isa = PBXFileReference; includeInIndex = 1; lastKnownFileType = sourcecode.c.h; name = HFStringEncoding.h; path = ../HexFiend/framework/sources/HFStringEncoding.h; sourceTree = "<group>"; };
		20A8CEA6821836B9C8C890F5 /* HFFileByteSlice.m */ = {isa = PBXFileReference; includeInIndex = 1; lastKnownFileType = sourcecode.c.objc; name = HFFileByteSlice.m; path = ../HexFiend/framework/sources/HFFileByteSlice.m; sourceTree = "<group>"; };
		216CD5C3401EED3A0E40F6F6 /* HFHexGlyphTable.m */ = {isa = PBXFileReference; includeInIndex = 1; lastKnownFileType = sourcecode.c.objc; name = HFHexGlyphTable.m; path = ../HexFiend/framework/sources/HFHexGlyphTable.m; sourceTree = "<group>"; };
		2528222C41BF28C049EA6F65 /* HFBinaryGlyphTable.h */ = {isa = PBXFileReference; includeInIndex = 1; lastKnownFileType = sourcecode.c.h; name = HFBinaryGlyphTable.h; path = ../HexFiend/framework/sources/HFBinaryGlyphTable.h; sourceTree = "<group>"; };
		26C75F7D27D8CB968902974D /* HFByteSlice.m */ = {isa = PBXFileReference; includeInIndex = 1; lastKnownFileType = sourcecode.c.objc; name = HFByteSlice.m; path = ../HexFiend/framework/sources/HFByteSlice.m; sourceTree = "<group>"; };
		2A41D87588885D7C57090565 /* HFCancelButton.m */ = {isa = PBXFileReference; includeInIndex = 1; lastKnownFileType = sourcecode.c.objc; name = HFCancelButton.m; path = ../HexFiend/framework/sources/HFCancelButton.m; sourceTree = "<group>"; };
		2A43A8E0AE1D72F9E830416F /* HFByteSlice.h */ = {isa = PBXFileReference; includeInIndex = 1; lastKnownFileType = sourcecode.c.h; name = HFByteSlice.h; path = ../HexFiend/framework/sources/HFByteSlice.h; sourceTree = "<group>"; };
		2AF85B53B6461E5DABD529B2 /* HFFileReference.h */ = {isa = PBXFileReference; includeInIndex = 1; lastKnownFileType = sourcecode.c.h; name = HFFileReference.h; path = ../HexFiend/framework/sources/HFFileReference.h; sourceTree = "<group>"; };
		2DC94474FC0E6DD12A97E472 /* HFByteRangeAttribute.m */ = {isa = PBXFileReference; includeInIndex = 1; lastKnownFileType = sourcecode.c.objc; name = HFByteRangeAttribute.m; path = ../HexFiend/framework/sources/HFByteRangeAttribute.m; sourceTree = "<group>"; };
		2EECAB6F58A22271FC2F57C2 /* HFByteRangeAttribute.h */ = {isa = PBXFileReference; includeInIndex = 1; lastKnownFileType = sourcecode.c.h; name = HFByteRangeAttribute.h; path = ../HexFiend/framework/sources/HFByteRangeAttribute.h; sourceTree = "<group>"; };
		2FE8F4C38AF2B1550C9EDAD8 /* HFTextView.m */ = {isa = PBXFileReference; includeInIndex = 1; lastKnownFileType = sourcecode.c.objc; name = HFTextView.m; path = ../HexFiend/framework/sources/HFTextView.m; sourceTree = "<group>"; };
		308A0D18E591942B6711B852 /* HFByteArrayEditScript.h */ = {isa = PBXFileReference; includeInIndex = 1; lastKnownFileType = sourcecode.c.h; name = HFByteArrayEditScript.h; path = ../HexFiend/framework/sources/HFByteArrayEditScript.h; sourceTree = "<group>"; };
		34CBA192FE3DA6CE8F137DB8 /* HFStringEncoding.m */ = {isa = PBXFileReference; includeInIndex = 1; lastKnownFileType = sourcecode.c.objc; name = HFStringEncoding.m; path = ../HexFiend/framework/sources/HFStringEncoding.m; sourceTree = "<group>"; };
		389EA3A3ACE3CE4FF0BA2986 /* HFObjectGraph.h */ = {isa = PBXFileReference; includeInIndex = 1; lastKnownFileType = sourcecode.c.h; name = HFObjectGraph.h; path = ../HexFiend/framework/sources/HFObjectGraph.h; sourceTree = "<group>"; };
		39DE0790A11727E7F1989363 /* HFByteArray_FindReplace.m */ = {isa = PBXFileReference; includeInIndex = 1; lastKnownFileType = sourcecode.c.objc; name = HFByteArray_FindReplace.m; path = ../HexFiend/framework/sources/HFByteArray_FindReplace.m; sourceTree = "<group>"; };
		3ADE7C1360ADF5756267DBE6 /* HFCustomEncoding.h */ = {isa = PBXFileReference; includeInIndex = 1; lastKnownFileType = sourcecode.c.h; name = HFCustomEncoding.h; path = ../HexFiend/framework/sources/HFCustomEncoding.h; sourceTree = "<group>"; };
		3CE52EEFF684419E9510F323 /* HFSharedMemoryByteSlice.m */ = {isa = PBXFileReference; includeInIndex = 1; lastKnownFileType = sourcecode.c.objc; name = HFSharedMemoryByteSlice.m; path = ../HexFiend/framework/sources/HFSharedMemoryByteSlice.m; sourceTree = "<group>"; };
		3CEE40D2DAA87EB1A2910B07 /* HFPasteboardOwner.h */ = {isa = PBXFileReference; includeInIndex = 1; lastKnownFileType = sourcecode.c.h; name = HFPasteboardOwner.h; path = ../HexFiend/framework/sources/HFPasteboardOwner.h; sourceTree = "<group>"; };
		3E2BBDAE8B4E7A2A0D9EAEEE /* HFCustomEncoding.m */ = {isa = PBXFileReference; includeInIndex = 1; lastKnownFileType = sourcecode.c.objc; name = HFCustomEncoding.m; path = ../HexFiend/framework/sources/HFCustomEncoding.m; sourceTree = "<group>"; };
		3EDA1F81680855EB0DDA0CB6 /* HFRepresenterStringEncodingTextView.h */ = {isa = PBXFileReference; includeInIndex = 1; lastKnownFileType = sourcecode.c.h; name = HFRepresenterStringEncodingTextView.h; path = ../HexFiend/framework/sources/HFRepresenterStringEncodingTextView.h; sourceTree = "<group>"; };
		3EF84F046EAFEC69E79EC01F /* HFVerticalScrollerRepresenter.m */ = {isa = PBXFileReference; includeInIndex = 1; lastKnownFileType = sourcecode.c.objc; name = HFVerticalScrollerRepresenter.m; path = ../HexFiend/framework/sources/HFVerticalScrollerRepresenter.m; sourceTree = "<group>"; };
		42D4B20DA7FA47E50EF022EF /* HFTextSelectionPulseView.m */ = {isa = PBXFileReference; includeInIndex = 1; lastKnownFileType = sourcecode.c.objc; name = HFTextSelectionPulseView.m; path = ../HexFiend/framework/sources/HFTextSelectionPulseView.m; sourceTree = "<group>"; };
		49FC44FA817CE730345714B8 /* HFByteArray_FileWriting.m */ = {isa = PBXFileReference; includeInIndex = 1; lastKnownFileType = sourcecode.c.objc; name = HFByteArray_FileWriting.m; path = ../HexFiend/framework/sources/HFByteArray_FileWriting.m; sourceTree = "<group>"; };
		4B444E9F9E64AFD1231912F9 /* HFFullMemoryByteArray.m */ = {isa = PBXFileReference; includeInIndex = 1; lastKnownFileType = sourcecode.c.objc; name = HFFullMemoryByteArray.m; path = ../HexFiend/framework/sources/HFFullMemoryByteArray.m; sourceTree = "<group>"; };
		4C3B085664328497D765FE90 /* HFPasteboardOwner.m */ = {isa = PBXFileReference; includeInIndex = 1; lastKnownFileType = sourcecode.c.objc; name = HFPasteboardOwner.m; path = ../HexFiend/framework/sources/HFPasteboardOwner.m; sourceTree = "<group>"; };
		4D2DFD5D9B227771499A3882 /* HFObjectGraph.m */ = {isa = PBXFileReference; includeInIndex = 1; lastKnownFileType = sourcecode.c.objc; name = HFObjectGraph.m; path = ../HexFiend/framework/sources/HFObjectGraph.m; sourceTree = "<group>"; };
		503292D75A914179217A12E1 /* HFVerticalScrollerRepresenter.h */ = {isa = PBXFileReference; includeInIndex = 1; lastKnownFileType = sourcecode.c.h; name = HFVerticalScrollerRepresenter.h; path = ../HexFiend/framework/sources/HFVerticalScrollerRepresenter.h; sourceTree = "<group>"; };
		50C3E1C1711AACF8C212D5C1 /* HFHexTextRepresenter.h */ = {isa = PBXFileReference; includeInIndex = 1; lastKnownFileType = sourcecode.c.h; name = HFHexTextRepresenter.h; path = ../HexFiend/framework/sources/HFHexTextRepresenter.h; sourceTree = "<group>"; };
		5342643EC5644E7C0EC20F48 /* HFBinaryGlyphTable.m */ = {isa = PBXFileReference; includeInIndex = 1; lastKnownFileType = sourcecode.c.objc; name = HFBinaryGlyphTable.m; path = ../HexFiend/framework/sources/HFBinaryGlyphTable.m; sourceTree = "<group>"; };
		566175F40C02B68881818D14 /* HFNSStringEncoding.h */ = {isa = PBXFileReference; includeInIndex = 1; lastKnownFileType = sourcecode.c.h; name = HFNSStringEncoding.h; path = ../HexFiend/framework/sources/HFNSStringEncoding.h; sourceTree = "<group>"; };
		57F78ABD273178847465674F /* HFLineCountingView.h */ = {isa = PBXFileReference; includeInIndex = 1; lastKnownFileType = sourcecode.c.h; name = HFLineCountingView.h; path = ../HexFiend/framework/sources/HFLineCountingView.h; sourceTree = "<group>"; };
		599D1D0FA886B06CF93671F8 /* HFColumnView.m */ = {isa = PBXFileReference; includeInIndex = 1; lastKnownFileType = sourcecode.c.objc; name = HFColumnView.m; path = ../HexFiend/framework/sources/HFColumnView.m; sourceTree = "<group>"; };
		5B3FFE60770DBEE33B2003BF /* HFLineCountingRepresenter.m */ = {isa = PBXFileReference; includeInIndex = 1; lastKnownFileType = sourcecode.c.objc; name = HFLineCountingRepresenter.m; path = ../HexFiend/framework/sources/HFLineCountingRepresenter.m; sourceTree = "<group>"; };
		5D83F98364095F609DB6CB4A /* HFStringEncodingTextRepresenter.h */ = {isa = PBXFileReference; includeInIndex = 1; lastKnownFileType = sourcecode.c.h; name = HFStringEncodingTextRepresenter.h; path = ../HexFiend/framework/sources/HFStringEncodingTextRepresenter.h; sourceTree = "<group>"; };
		5F8A5282F45A034C09F3868F /* HFEncodingManager.h */ = {isa = PBXFileReference; includeInIndex = 1; lastKnownFileType = sourcecode.c.h; name = HFEncodingManager.h; path = ../HexFiend/framework/sources/HFEncodingManager.h; sourceTree = "<group>"; };
		5FA1FB7E42B5148D97F4E2CE /* HFHexPasteboardOwner.h */ = {isa = PBXFileReference; includeInIndex = 1; lastKnownFileType = sourcecode.c.h; name = HFHexPasteboardOwner.h; path = ../HexFiend/framework/sources/HFHexPasteboardOwner.h; sourceTree = "<group>"; };
		6061BE51E38A8599436B6BAF /* HFControllerCoalescedUndo.h */ = {isa = PBXFileReference; includeInIndex = 1; lastKnownFileType = sourcecode.c.h; name = HFControllerCoalescedUndo.h; path = ../HexFiend/framework/sources/HFControllerCoalescedUndo.h; sourceTree = "<group>"; };
		61F6933E24CB67CECE989424 /* HFRepresenterStringEncodingTextView.m */ = {isa = PBXFileReference; includeInIndex = 1; lastKnownFileType = sourcecode.c.objc; name = HFRepresenterStringEncodingTextView.m; path = ../HexFiend/framework/sources/HFRepresenterStringEncodingTextView.m; sourceTree = "<group>"; };
		633C838705A922A69C68B022 /* HFSharedMemoryByteSlice.h */ = {isa = PBXFileReference; includeInIndex = 1; lastKnownFileType = sourcecode.c.h; name = HFSharedMemoryByteSlice.h; path = ../HexFiend/framework/sources/HFSharedMemoryByteSlice.h; sourceTree = "<group>"; };
		66B3BB8936F2398405314167 /* HFLineCountingRepresenter.h */ = {isa = PBXFileReference; includeInIndex = 1; lastKnownFileType = sourcecode.c.h; name = HFLineCountingRepresenter.h; path = ../HexFiend/framework/sources/HFLineCountingRepresenter.h; sourceTree = "<group>"; };
		6B3CED76D7B4D2AF51922764 /* Cocoa.framework */ = {isa = PBXFileReference; lastKnownFileType = wrapper.framework; name = Cocoa.framework; path = Platforms/MacOSX.platform/Developer/SDKs/MacOSX10.15.sdk/System/Library/Frameworks/Cocoa.framework; sourceTree = DEVELOPER_DIR; };
		6C9FD70102D9CEE0163DD8E2 /* HFFastMemchr.h */ = {isa = PBXFileReference; includeInIndex = 1; lastKnownFileType = sourcecode.c.h; name = HFFastMemchr.h; path = ../HexFiend/framework/sources/HFFastMemchr.h; sourceTree = "<group>"; };
		70D62CF31AF76C36444D51DC /* HFController.m */ = {isa = PBXFileReference; includeInIndex = 1; lastKnownFileType = sourcecode.c.objc; name = HFController.m; path = ../HexFiend/framework/sources/HFController.m; sourceTree = "<group>"; };
		7290B9692453E332BC97EAE7 /* HFTextRepresenter.h */ = {isa = PBXFileReference; includeInIndex = 1; lastKnownFileType = sourcecode.c.h; name = HFTextRepresenter.h; path = ../HexFiend/framework/sources/HFTextRepresenter.h; sourceTree = "<group>"; };
		73E879DB7716510D87117B9F /* HFCancelButton.h */ = {isa = PBXFileReference; includeInIndex = 1; lastKnownFileType = sourcecode.c.h; name = HFCancelButton.h; path = ../HexFiend/framework/sources/HFCancelButton.h; sourceTree = "<group>"; };
		759051E5E5D90343BA90D9C2 /* HFFullMemoryByteArray.h */ = {isa = PBXFileReference; includeInIndex = 1; lastKnownFileType = sourcecode.c.h; name = HFFullMemoryByteArray.h; path = ../HexFiend/framework/sources/HFFullMemoryByteArray.h; sourceTree = "<group>"; };
		769690DE947AD185C7D8236C /* HFByteArray.m */ = {isa = PBXFileReference; includeInIndex = 1; lastKnownFileType = sourcecode.c.objc; name = HFByteArray.m; path = ../HexFiend/framework/sources/HFByteArray.m; sourceTree = "<group>"; };
		77B8161105100A09655A102C /* HFByteSliceFileOperationQueueEntry.h */ = {isa = PBXFileReference; includeInIndex = 1; lastKnownFileType = sourcecode.c.h; name = HFByteSliceFileOperationQueueEntry.h; path = ../HexFiend/framework/sources/HFByteSliceFileOperationQueueEntry.h; sourceTree = "<group>"; };
		7823AB2A018CC74B3A4A8DCF /* HFProgressTracker.m */ = {isa = PBXFileReference; includeInIndex = 1; lastKnownFileType = sourcecode.c.objc; name = HFProgressTracker.m; path = ../HexFiend/framework/sources/HFProgressTracker.m; sourceTree = "<group>"; };
		7A6227AA92EC9A6EA58B844F /* HFFullMemoryByteSlice.h */ = {isa = PBXFileReference; includeInIndex = 1; lastKnownFileType = sourcecode.c.h; name = HFFullMemoryByteSlice.h; path = ../HexFiend/framework/sources/HFFullMemoryByteSlice.h; sourceTree = "<group>"; };
		7C7AA6B3924D3410A91958A4 /* HFTextRepresenter.m */ = {isa = PBXFileReference; includeInIndex = 1; lastKnownFileType = sourcecode.c.objc; name = HFTextRepresenter.m; path = ../HexFiend/framework/sources/HFTextRepresenter.m; sourceTree = "<group>"; };
		7DCE650A2D3FE81ED25C7029 /* HFGlyphTrie.h */ = {isa = PBXFileReference; includeInIndex = 1; lastKnownFileType = sourcecode.c.h; name = HFGlyphTrie.h; path = ../HexFiend/framework/sources/HFGlyphTrie.h; sourceTree = "<group>"; };
		7E38A6DEFFC35EF91B4A0FAC /* HFRepresenterBinaryTextView.h */ = {isa = PBXFileReference; includeInIndex = 1; lastKnownFileType = sourcecode.c.h; name = HFRepresenterBinaryTextView.h; path = ../HexFiend/framework/sources/HFRepresenterBinaryTextView.h; sourceTree = "<group>"; };
		808376D67553AE958353CD19 /* HFUIUtils.m */ = {isa = PBXFileReference; includeInIndex = 1; lastKnownFileType = sourcecode.c.objc; name = HFUIUtils.m; path = ../HexFiend/framework/sources/HFUIUtils.m; sourceTree = "<group>"; };
		81A545136FC2B2F8596B12E0 /* HFAnnotatedTree.h */ = {isa = PBXFileReference; includeInIndex = 1; lastKnownFileType = sourcecode.c.h; name = HFAnnotatedTree.h; path = ../HexFiend/framework/sources/HFAnnotatedTree.h; sourceTree = "<group>"; };
		81E1E6549A5916912916ECDC /* HFLineCountingView.m */ = {isa = PBXFileReference; includeInIndex = 1; lastKnownFileType = sourcecode.c.objc; name = HFLineCountingView.m; path = ../HexFiend/framework/sources/HFLineCountingView.m; sourceTree = "<group>"; };
		83BC2715B8671C1A3B919E70 /* HFRepresenterHexTextView.m */ = {isa = PBXFileReference; includeInIndex = 1; lastKnownFileType = sourcecode.c.objc; name = HFRepresenterHexTextView.m; path = ../HexFiend/framework/sources/HFRepresenterHexTextView.m; sourceTree = "<group>"; };
		842BE48F75813CBF477A4242 /* HFColumnView.h */ = {isa = PBXFileReference; includeInIndex = 1; lastKnownFileType = sourcecode.c.h; name = HFColumnView.h; path = ../HexFiend/framework/sources/HFColumnView.h; sourceTree = "<group>"; };
		84731AD7FBB8A5A4EC7902B5 /* HFRandomDataByteSlice.m */ = {isa = PBXFileReference; includeInIndex = 1; lastKnownFileType = sourcecode.c.objc; name = HFRandomDataByteSlice.m; path = ../HexFiend/framework/sources/HFRandomDataByteSlice.m; sourceTree = "<group>"; };
		8666A597D50A19AEA8FCE19A /* HFProgressTracker.h */ = {isa = PBXFileReference; includeInIndex = 1; lastKnownFileType = sourcecode.c.h; name = HFProgressTracker.h; path = ../HexFiend/framework/sources/HFProgressTracker.h; sourceTree = "<group>"; };
		887D0B92C907018E24D839EC /* HFTextField.m */ = {isa = PBXFileReference; includeInIndex = 1; lastKnownFileType = sourcecode.c.objc; name = HFTextField.m; path = ../HexFiend/framework/sources/HFTextField.m; sourceTree = "<group>"; };
		8931FEF6EE3F8088CC3A67B5 /* HFBinaryTextRepresenter.h */ = {isa = PBXFileReference; includeInIndex = 1; lastKnownFileType = sourcecode.c.h; name = HFBinaryTextRepresenter.h; path = ../HexFiend/framework/sources/HFBinaryTextRepresenter.h; sourceTree = "<group>"; };
		8B3093DF682450F1E5F15A40 /* HFByteArrayProxiedData.m */ = {isa = PBXFileReference; includeInIndex = 1; lastKnownFileType = sourcecode.c.objc; name = HFByteArrayProxiedData.m; path = ../HexFiend/framework/sources/HFByteArrayProxiedData.m; sourceTree = "<group>"; };
		8C2E40765E857A711890D491 /* HFAnnotatedTree.m */ = {isa = PBXFileReference; includeInIndex = 1; lastKnownFileType = sourcecode.c.objc; name = HFAnnotatedTree.m; path = ../HexFiend/framework/sources/HFAnnotatedTree.m; sourceTree = "<group>"; };
		8C68FAD9249EF85A9E1F3E91 /* HFByteSliceFileOperation.m */ = {isa = PBXFileReference; includeInIndex = 1; lastKnownFileType = sourcecode.c.objc; name = HFByteSliceFileOperation.m; path = ../HexFiend/framework/sources/HFByteSliceFileOperation.m; sourceTree = "<group>"; };
		8E169B58577CF7B7FAA6FF79 /* HFTypes.h */ = {isa = PBXFileReference; includeInIndex = 1; lastKnownFileType = sourcecode.c.h; name = HFTypes.h; path = ../HexFiend/framework/sources/HFTypes.h; sourceTree = "<group>"; };
		8EBEC4770829BFD00AB9909C /* HFBTree.m */ = {isa = PBXFileReference; includeInIndex = 1; lastKnownFileType = sourcecode.c.objc; name = HFBTree.m; path = ../HexFiend/framework/sources/BTree/HFBTree.m; sourceTree = "<group>"; };
		8EDB1DCC2811B58320DEC1E8 /* HFBTree.h */ = {isa = PBXFileReference; includeInIndex = 1; lastKnownFileType = sourcecode.c.h; name = HFBTree.h; path = ../HexFiend/framework/sources/BTree/HFBTree.h; sourceTree = "<group>"; };
		924BC220ED0590E29D44D2E4 /* HFByteArrayEditScript.m */ = {isa = PBXFileReference; includeInIndex = 1; lastKnownFileType = sourcecode.c.objc; name = HFByteArrayEditScript.m; path = ../HexFiend/framework/sources/HFByteArrayEditScript.m; sourceTree = "<group>"; };
		94AE18499240032C12CEBCD2 /* HFByteArray.h */ = {isa = PBXFileReference; includeInIndex = 1; lastKnownFileType = sourcecode.c.h; name = HFByteArray.h; path = ../HexFiend/framework/sources/HFByteArray.h; sourceTree = "<group>"; };
		9B53400BE20828F721BC1A9E /* HFAttributedByteArray.m */ = {isa = PBXFileReference; includeInIndex = 1; lastKnownFileType = sourcecode.c.objc; name = HFAttributedByteArray.m; path = ../HexFiend/framework/sources/HFAttributedByteArray.m; sourceTree = "<group>"; };
		9BE1EDB70BAE2991F89E55D7 /* HexFiend.h */ = {isa = PBXFileReference; includeInIndex = 1; lastKnownFileType = sourcecode.c.h; name = HexFiend.h; path = ../HexFiend/framework/sources/HexFiend.h; sourceTree = "<group>"; };
		9F717328D8C0385C310755FA /* HFFastMemchr.m */ = {isa = PBXFileReference; includeInIndex = 1; lastKnownFileType = sourcecode.c.objc; name = HFFastMemchr.m; path = ../HexFiend/framework/sources/HFFastMemchr.m; sourceTree = "<group>"; };
		9FCF9CCD1788A34D3B89203E /* HFStringEncodingTextRepresenter.m */ = {isa = PBXFileReference; includeInIndex = 1; lastKnownFileType = sourcecode.c.objc; name = HFStringEncodingTextRepresenter.m; path = ../HexFiend/framework/sources/HFStringEncodingTextRepresenter.m; sourceTree = "<group>"; };
		A051B83993646BC6EFD694C2 /* HFAttributedByteArray.h */ = {isa = PBXFileReference; includeInIndex = 1; lastKnownFileType = sourcecode.c.h; name = HFAttributedByteArray.h; path = ../HexFiend/framework/sources/HFAttributedByteArray.h; sourceTree = "<group>"; };
		A07E8277A66FE84620C9447F /* HFAssert.h */ = {isa = PBXFileReference; includeInIndex = 1; lastKnownFileType = sourcecode.c.h; name = HFAssert.h; path = ../HexFiend/framework/sources/HFAssert.h; sourceTree = "<group>"; };
		A0FA8D7B2B987A2E1771DD0A /* HFTextRepresenter_Internal.h */ = {isa = PBXFileReference; includeInIndex = 1; lastKnownFileType = sourcecode.c.h; name = HFTextRepresenter_Internal.h; path = ../HexFiend/framework/sources/HFTextRepresenter_Internal.h; sourceTree = "<group>"; };
		A14122C3916540F0FA5FA073 /* HFHelperProcessSharedCode.h */ = {isa = PBXFileReference; includeInIndex = 1; lastKnownFileType = sourcecode.c.h; name = HFHelperProcessSharedCode.h; path = ../HexFiend/framework/sources/HFHelperProcessSharedCode.h; sourceTree = "<group>"; };
		A159A9C9E747D596FF32C8D2 /* HFLayoutRepresenter.m */ = {isa = PBXFileReference; includeInIndex = 1; lastKnownFileType = sourcecode.c.objc; name = HFLayoutRepresenter.m; path = ../HexFiend/framework/sources/HFLayoutRepresenter.m; sourceTree = "<group>"; };
		A1970A9CFE4B52AEA8983C67 /* HFTextView.h */ = {isa = PBXFileReference; includeInIndex = 1; lastKnownFileType = sourcecode.c.h; name = HFTextView.h; path = ../HexFiend/framework/sources/HFTextView.h; sourceTree = "<group>"; };
		A21250C8A62E762C71702AD5 /* HexFiend.framework */ = {isa = PBXFileReference; explicitFileType = wrapper.framework; includeInIndex = 0; path = HexFiend.framework; sourceTree = BUILT_PRODUCTS_DIR; };
		A5AFCA5DAD51A7B312FC1E63 /* HFLayoutRepresenter.h */ = {isa = PBXFileReference; includeInIndex = 1; lastKnownFileType = sourcecode.c.h; name = HFLayoutRepresenter.h; path = ../HexFiend/framework/sources/HFLayoutRepresenter.h; sourceTree = "<group>"; };
		A85C3D6CA2E51C3D783C8904 /* HFRandomDataByteSlice.h */ = {isa = PBXFileReference; includeInIndex = 1; lastKnownFileType = sourcecode.c.h; name = HFRandomDataByteSlice.h; path = ../HexFiend/framework/sources/HFRandomDataByteSlice.h; sourceTree = "<group>"; };
		AA88DB9B07103109D76F0352 /* HFFullMemoryByteSlice.m */ = {isa = PBXFileReference; includeInIndex = 1; lastKnownFileType = sourcecode.c.objc; name = HFFullMemoryByteSlice.m; path = ../HexFiend/framework/sources/HFFullMemoryByteSlice.m; sourceTree = "<group>"; };
		AB2BE72471B4118D01620336 /* HFRepresenterTextViewCallout.h */ = {isa = PBXFileReference; includeInIndex = 1; lastKnownFileType = sourcecode.c.h; name = HFRepresenterTextViewCallout.h; path = ../HexFiend/framework/sources/HFRepresenterTextViewCallout.h; sourceTree = "<group>"; };
		AB9953DC6750348A392504F9 /* HFControllerCoalescedUndo.m */ = {isa = PBXFileReference; includeInIndex = 1; lastKnownFileType = sourcecode.c.objc; name = HFControllerCoalescedUndo.m; path = ../HexFiend/framework/sources/HFControllerCoalescedUndo.m; sourceTree = "<group>"; };
		ABC4E0C1E29EA244F1BFEBB5 /* HFFrameworkPrefix.h */ = {isa = PBXFileReference; includeInIndex = 1; lastKnownFileType = sourcecode.c.h; name = HFFrameworkPrefix.h; path = ../HexFiend/framework/sources/HFFrameworkPrefix.h; sourceTree = "<group>"; };
		B76E9C027D4AC5059643630C /* HFTextVisualStyleRun.m */ = {isa = PBXFileReference; includeInIndex = 1; lastKnownFileType = sourcecode.c.objc; name = HFTextVisualStyleRun.m; path = ../HexFiend/framework/sources/HFTextVisualStyleRun.m; sourceTree = "<group>"; };
		B8C0D36F67C39490FD7C572B /* HFColumnRepresenter.h */ = {isa = PBXFileReference; includeInIndex = 1; lastKnownFileType = sourcecode.c.h; name = HFColumnRepresenter.h; path = ../HexFiend/framework/sources/HFColumnRepresenter.h; sourceTree = "<group>"; };
		B8D73096C7FFA8B201152034 /* HFFileByteSlice.h */ = {isa = PBXFileReference; includeInIndex = 1; lastKnownFileType = sourcecode.c.h; name = HFFileByteSlice.h; path = ../HexFiend/framework/sources/HFFileByteSlice.h; sourceTree = "<group>"; };
		BBA194125A944C2DAF411532 /* HFHexGlyphTable.h */ = {isa = PBXFileReference; includeInIndex = 1; lastKnownFileType = sourcecode.c.h; name = HFHexGlyphTable.h; path = ../HexFiend/framework/sources/HFHexGlyphTable.h; sourceTree = "<group>"; };
		BC8CC8D449C1FA9854F2B8C5 /* HFRepresenter.m */ = {isa = PBXFileReference; includeInIndex = 1; lastKnownFileType = sourcecode.c.objc; name = HFRepresenter.m; path = ../HexFiend/framework/sources/HFRepresenter.m; sourceTree = "<group>"; };
		BFA658262A81EDD2D8B48693 /* HFByteSliceFileOperation.h */ = {isa = PBXFileReference; includeInIndex = 1; lastKnownFileType = sourcecode.c.h; name = HFByteSliceFileOperation.h; path = ../HexFiend/framework/sources/HFByteSliceFileOperation.h; sourceTree = "<group>"; };
		BFFE36CAFEFC59F7C286CCC0 /* HFNSStringEncoding.m */ = {isa = PBXFileReference; includeInIndex = 1; lastKnownFileType = sourcecode.c.objc; name = HFNSStringEncoding.m; path = ../HexFiend/framework/sources/HFNSStringEncoding.m; sourceTree = "<group>"; };
		C0E3A9F51C15F0DE4102EFC2 /* HFBTreeByteArray.m */ = {isa = PBXFileReference; includeInIndex = 1; lastKnownFileType = sourcecode.c.objc; name = HFBTreeByteArray.m; path = ../HexFiend/framework/sources/HFBTreeByteArray.m; sourceTree = "<group>"; };
		C4223B5156A446BCAE14D26C /* HFColumnRepresenter.m */ = {isa = PBXFileReference; includeInIndex = 1; lastKnownFileType = sourcecode.c.objc; name = HFColumnRepresenter.m; path = ../HexFiend/framework/sources/HFColumnRepresenter.m; sourceTree = "<group>"; };
		C70D9DD6E0E6454385C25AE2 /* HFByteRangeAttributeArray.h */ = {isa = PBXFileReference; includeInIndex = 1; lastKnownFileType = sourcecode.c.h; name = HFByteRangeAttributeArray.h; path = ../HexFiend/framework/sources/HFByteRangeAttributeArray.h; sourceTree = "<group>"; };
		CC38A9F6D887B6352836FBBB /* HFTest.h */ = {isa = PBXFileReference; includeInIndex = 1; lastKnownFileType = sourcecode.c.h; name = HFTest.h; path = ../HexFiend/framework/tests/HFTest.h; sourceTree = "<group>"; };
		CF7707F3F48E6AC7C3AC24D9 /* HFRepresenterTextViewCallout.m */ = {isa = PBXFileReference; includeInIndex = 1; lastKnownFileType = sourcecode.c.objc; name = HFRepresenterTextViewCallout.m; path = ../HexFiend/framework/sources/HFRepresenterTextViewCallout.m; sourceTree = "<group>"; };
		CFA81498B1D36852FEFD069D /* HFHexTextRepresenter.m */ = {isa = PBXFileReference; includeInIndex = 1; lastKnownFileType = sourcecode.c.objc; name = HFHexTextRepresenter.m; path = ../HexFiend/framework/sources/HFHexTextRepresenter.m; sourceTree = "<group>"; };
		D0DAF5B25935848E8E184698 /* HFRepresenter.h */ = {isa = PBXFileReference; includeInIndex = 1; lastKnownFileType = sourcecode.c.h; name = HFRepresenter.h; path = ../HexFiend/framework/sources/HFRepresenter.h; sourceTree = "<group>"; };
		D51D54EC97C5A5393DA98494 /* HFEncodingManager.m */ = {isa = PBXFileReference; includeInIndex = 1; lastKnownFileType = sourcecode.c.objc; name = HFEncodingManager.m; path = ../HexFiend/framework/sources/HFEncodingManager.m; sourceTree = "<group>"; };
		D525244F52DB7994A18C42C2 /* HFFunctions.h */ = {isa = PBXFileReference; includeInIndex = 1; lastKnownFileType = sourcecode.c.h; name = HFFunctions.h; path = ../HexFiend/framework/sources/HFFunctions.h; sourceTree = "<group>"; };
		D5622206963322B8D5648214 /* HFByteArrayProxiedData.h */ = {isa = PBXFileReference; includeInIndex = 1; lastKnownFileType = sourcecode.c.h; name = HFByteArrayProxiedData.h; path = ../HexFiend/framework/sources/HFByteArrayProxiedData.h; sourceTree = "<group>"; };
		D6776F14808FD6AA738F3555 /* HFGlyphTrie.m */ = {isa = PBXFileReference; includeInIndex = 1; lastKnownFileType = sourcecode.c.objc; name = HFGlyphTrie.m; path = ../HexFiend/framework/sources/HFGlyphTrie.m; sourceTree = "<group>"; };
		D6CCEF7F4370052594C3AE7D /* HFTextSelectionPulseView.h */ = {isa = PBXFileReference; includeInIndex = 1; lastKnownFileType = sourcecode.c.h; name = HFTextSelectionPulseView.h; path = ../HexFiend/framework/sources/HFTextSelectionPulseView.h; sourceTree = "<group>"; };
		D77586031B1AE47EB3B9B386 /* HFTextVisualStyleRun.h */ = {isa = PBXFileReference; includeInIndex = 1; lastKnownFileType = sourcecode.c.h; name = HFTextVisualStyleRun.h; path = ../HexFiend/framework/sources/HFTextVisualStyleRun.h; sourceTree = "<group>"; };
		DC3B9125F1F6F44DDB5D21D0 /* HFRepresenterTextView.m */ = {isa = PBXFileReference; includeInIndex = 1; lastKnownFileType = sourcecode.c.objc; name = HFRepresenterTextView.m; path = ../HexFiend/framework/sources/HFRepresenterTextView.m; sourceTree = "<group>"; };
		DE899D402833FA88DC6B5E56 /* HFByteArray_Internal.h */ = {isa = PBXFileReference; includeInIndex = 1; lastKnownFileType = sourcecode.c.h; name = HFByteArray_Internal.h; path = ../HexFiend/framework/sources/HFByteArray_Internal.h; sourceTree = "<group>"; };
		E01BC61C54364B431B4BEB16 /* HFFunctions.m */ = {isa = PBXFileReference; includeInIndex = 1; lastKnownFileType = sourcecode.c.objc; name = HFFunctions.m; path = ../HexFiend/framework/sources/HFFunctions.m; sourceTree = "<group>"; };
		E0945B4222F0EAE37101B44B /* HFTextRepresenter_KeyBinding.m */ = {isa = PBXFileReference; includeInIndex = 1; lastKnownFileType = sourcecode.c.objc; name = HFTextRepresenter_KeyBinding.m; path = ../HexFiend/framework/sources/HFTextRepresenter_KeyBinding.m; sourceTree = "<group>"; };
		E24687153BB6DB49A8A4CDC6 /* HFController.h */ = {isa = PBXFileReference; includeInIndex = 1; lastKnownFileType = sourcecode.c.h; name = HFController.h; path = ../HexFiend/framework/sources/HFController.h; sourceTree = "<group>"; };
		E355AE9D0A909FB93334B5E9 /* HFUIUtils.h */ = {isa = PBXFileReference; includeInIndex = 1; lastKnownFileType = sourcecode.c.h; name = HFUIUtils.h; path = ../HexFiend/framework/sources/HFUIUtils.h; sourceTree = "<group>"; };
		E43FBE8D6C8AA5CDF3317A03 /* HFStatusBarRepresenter.m */ = {isa = PBXFileReference; includeInIndex = 1; lastKnownFileType = sourcecode.c.objc; name = HFStatusBarRepresenter.m; path = ../HexFiend/framework/sources/HFStatusBarRepresenter.m; sourceTree = "<group>"; };
		E4AEC4C0457F29DE3FE2F84D /* HFBinaryTextRepresenter.m */ = {isa = PBXFileReference; includeInIndex = 1; lastKnownFileType = sourcecode.c.objc; name = HFBinaryTextRepresenter.m; path = ../HexFiend/framework/sources/HFBinaryTextRepresenter.m; sourceTree = "<group>"; };
		E51A2B0CE2254DFC47BCE4F5 /* HFRepresenterBinaryTextView.m */ = {isa = PBXFileReference; includeInIndex = 1; lastKnownFileType = sourcecode.c.objc; name = HFRepresenterBinaryTextView.m; path = ../HexFiend/framework/sources/HFRepresenterBinaryTextView.m; sourceTree = "<group>"; };
		E5CD44B915A7B9040106105D /* HFRepresenter_Internal.h */ = {isa = PBXFileReference; includeInIndex = 1; lastKnownFileType = sourcecode.c.h; name = HFRepresenter_Internal.h; path = ../HexFiend/framework/sources/HFRepresenter_Internal.h; sourceTree = "<group>"; };
		EAE4E14CCA178C976C061AD4 /* HFByteSliceFileOperationQueueEntry.m */ = {isa = PBXFileReference; includeInIndex = 1; lastKnownFileType = sourcecode.c.objc; name = HFByteSliceFileOperationQueueEntry.m; path = ../HexFiend/framework/sources/HFByteSliceFileOperationQueueEntry.m; sourceTree = "<group>"; };
		F0B3CC9D23CC5392D37E7A65 /* HFBTreeByteArray.h */ = {isa = PBXFileReference; includeInIndex = 1; lastKnownFileType = sourcecode.c.h; name = HFBTreeByteArray.h; path = ../HexFiend/framework/sources/HFBTreeByteArray.h; sourceTree = "<group>"; };
		F9AAB100D53BBC9141FD1A12 /* HFHexPasteboardOwner.m */ = {isa = PBXFileReference; includeInIndex = 1; lastKnownFileType = sourcecode.c.objc; name = HFHexPasteboardOwner.m; path = ../HexFiend/framework/sources/HFHexPasteboardOwner.m; sourceTree = "<group>"; };
		FE8EBC399C0EE59958E5EA98 /* HFByteSlice_Private.h */ = {isa = PBXFileReference; includeInIndex = 1; lastKnownFileType = sourcecode.c.h; name = HFByteSlice_Private.h; path = ../HexFiend/framework/sources/HFByteSlice_Private.h; sourceTree = "<group>"; };
/* End PBXFileReference section */

/* Begin PBXFrameworksBuildPhase section */
		BAF0558C275E1B803506FEF6 /* Frameworks */ = {
			isa = PBXFrameworksBuildPhase;
			buildActionMask = 2147483647;
			files = (
				D27A01FBC785CB310F46EC35 /* Cocoa.framework in Frameworks */,
			);
			runOnlyForDeploymentPostprocessing = 0;
		};
/* End PBXFrameworksBuildPhase section */

/* Begin PBXGroup section */
		6B7322CE79A3733B30490467 /* Headers */ = {
			isa = PBXGroup;
			children = (
				9BE1EDB70BAE2991F89E55D7 /* HexFiend.h */,
				308A0D18E591942B6711B852 /* HFByteArrayEditScript.h */,
				7DCE650A2D3FE81ED25C7029 /* HFGlyphTrie.h */,
				759051E5E5D90343BA90D9C2 /* HFFullMemoryByteArray.h */,
				E5CD44B915A7B9040106105D /* HFRepresenter_Internal.h */,
				7A6227AA92EC9A6EA58B844F /* HFFullMemoryByteSlice.h */,
				BBA194125A944C2DAF411532 /* HFHexGlyphTable.h */,
				94AE18499240032C12CEBCD2 /* HFByteArray.h */,
				2A43A8E0AE1D72F9E830416F /* HFByteSlice.h */,
				2528222C41BF28C049EA6F65 /* HFBinaryGlyphTable.h */,
				D525244F52DB7994A18C42C2 /* HFFunctions.h */,
				8E169B58577CF7B7FAA6FF79 /* HFTypes.h */,
				D0DAF5B25935848E8E184698 /* HFRepresenter.h */,
				7290B9692453E332BC97EAE7 /* HFTextRepresenter.h */,
				1CD66D1CF5DCD240F85B371F /* HFRepresenterTextView.h */,
				0E9D59265B3935573A7184D7 /* HFRepresenterHexTextView.h */,
				50C3E1C1711AACF8C212D5C1 /* HFHexTextRepresenter.h */,
				7E38A6DEFFC35EF91B4A0FAC /* HFRepresenterBinaryTextView.h */,
				ABC4E0C1E29EA244F1BFEBB5 /* HFFrameworkPrefix.h */,
				DE899D402833FA88DC6B5E56 /* HFByteArray_Internal.h */,
				3EDA1F81680855EB0DDA0CB6 /* HFRepresenterStringEncodingTextView.h */,
				08DF3AF7169223A6E95262D2 /* HFColorRange.h */,
				1F666B445CC402F81408020F /* HFStringEncoding.h */,
				5D83F98364095F609DB6CB4A /* HFStringEncodingTextRepresenter.h */,
				503292D75A914179217A12E1 /* HFVerticalScrollerRepresenter.h */,
				E355AE9D0A909FB93334B5E9 /* HFUIUtils.h */,
				66B3BB8936F2398405314167 /* HFLineCountingRepresenter.h */,
				57F78ABD273178847465674F /* HFLineCountingView.h */,
				6C9FD70102D9CEE0163DD8E2 /* HFFastMemchr.h */,
				3ADE7C1360ADF5756267DBE6 /* HFCustomEncoding.h */,
				A5AFCA5DAD51A7B312FC1E63 /* HFLayoutRepresenter.h */,
				842BE48F75813CBF477A4242 /* HFColumnView.h */,
				15F4CA156604554C87B33D28 /* HFStatusBarRepresenter.h */,
				6061BE51E38A8599436B6BAF /* HFControllerCoalescedUndo.h */,
				566175F40C02B68881818D14 /* HFNSStringEncoding.h */,
				3CEE40D2DAA87EB1A2910B07 /* HFPasteboardOwner.h */,
				FE8EBC399C0EE59958E5EA98 /* HFByteSlice_Private.h */,
				2AF85B53B6461E5DABD529B2 /* HFFileReference.h */,
				B8D73096C7FFA8B201152034 /* HFFileByteSlice.h */,
				5FA1FB7E42B5148D97F4E2CE /* HFHexPasteboardOwner.h */,
				A07E8277A66FE84620C9447F /* HFAssert.h */,
				A051B83993646BC6EFD694C2 /* HFAttributedByteArray.h */,
				054E91BAF1360ABF353EF13A /* HFTextField.h */,
				8666A597D50A19AEA8FCE19A /* HFProgressTracker.h */,
				633C838705A922A69C68B022 /* HFSharedMemoryByteSlice.h */,
				B8C0D36F67C39490FD7C572B /* HFColumnRepresenter.h */,
				BFA658262A81EDD2D8B48693 /* HFByteSliceFileOperation.h */,
				389EA3A3ACE3CE4FF0BA2986 /* HFObjectGraph.h */,
				5F8A5282F45A034C09F3868F /* HFEncodingManager.h */,
				77B8161105100A09655A102C /* HFByteSliceFileOperationQueueEntry.h */,
				D6CCEF7F4370052594C3AE7D /* HFTextSelectionPulseView.h */,
				E24687153BB6DB49A8A4CDC6 /* HFController.h */,
				73E879DB7716510D87117B9F /* HFCancelButton.h */,
				A85C3D6CA2E51C3D783C8904 /* HFRandomDataByteSlice.h */,
				8EDB1DCC2811B58320DEC1E8 /* HFBTree.h */,
				F0B3CC9D23CC5392D37E7A65 /* HFBTreeByteArray.h */,
				A1970A9CFE4B52AEA8983C67 /* HFTextView.h */,
				A0FA8D7B2B987A2E1771DD0A /* HFTextRepresenter_Internal.h */,
				D5622206963322B8D5648214 /* HFByteArrayProxiedData.h */,
				A14122C3916540F0FA5FA073 /* HFHelperProcessSharedCode.h */,
				2EECAB6F58A22271FC2F57C2 /* HFByteRangeAttribute.h */,
				8931FEF6EE3F8088CC3A67B5 /* HFBinaryTextRepresenter.h */,
				C70D9DD6E0E6454385C25AE2 /* HFByteRangeAttributeArray.h */,
				81A545136FC2B2F8596B12E0 /* HFAnnotatedTree.h */,
				D77586031B1AE47EB3B9B386 /* HFTextVisualStyleRun.h */,
				AB2BE72471B4118D01620336 /* HFRepresenterTextViewCallout.h */,
				CC38A9F6D887B6352836FBBB /* HFTest.h */,
			);
			name = Headers;
			sourceTree = "<group>";
		};
		6D438C22C882EB1F863C88DB /* Frameworks */ = {
			isa = PBXGroup;
			children = (
				CCA64569FC642D4D77899499 /* OS X */,
			);
			name = Frameworks;
			sourceTree = "<group>";
		};
		B81406E11C5CC5D5BB4A91A5 = {
			isa = PBXGroup;
			children = (
				BBA7D5A93A32515C7F8C51AC /* Products */,
				6D438C22C882EB1F863C88DB /* Frameworks */,
				6B7322CE79A3733B30490467 /* Headers */,
				E76F0A70E4D7A7C725BE406F /* Sources */,
			);
			sourceTree = "<group>";
		};
		BBA7D5A93A32515C7F8C51AC /* Products */ = {
			isa = PBXGroup;
			children = (
				A21250C8A62E762C71702AD5 /* HexFiend.framework */,
			);
			name = Products;
			sourceTree = "<group>";
		};
		CCA64569FC642D4D77899499 /* OS X */ = {
			isa = PBXGroup;
			children = (
				6B3CED76D7B4D2AF51922764 /* Cocoa.framework */,
			);
			name = "OS X";
			sourceTree = "<group>";
		};
		E76F0A70E4D7A7C725BE406F /* Sources */ = {
			isa = PBXGroup;
			children = (
				70D62CF31AF76C36444D51DC /* HFController.m */,
				BC8CC8D449C1FA9854F2B8C5 /* HFRepresenter.m */,
				E01BC61C54364B431B4BEB16 /* HFFunctions.m */,
				C4223B5156A446BCAE14D26C /* HFColumnRepresenter.m */,
				E51A2B0CE2254DFC47BCE4F5 /* HFRepresenterBinaryTextView.m */,
				7C7AA6B3924D3410A91958A4 /* HFTextRepresenter.m */,
				DC3B9125F1F6F44DDB5D21D0 /* HFRepresenterTextView.m */,
				E4AEC4C0457F29DE3FE2F84D /* HFBinaryTextRepresenter.m */,
				3E2BBDAE8B4E7A2A0D9EAEEE /* HFCustomEncoding.m */,
				BFFE36CAFEFC59F7C286CCC0 /* HFNSStringEncoding.m */,
				34CBA192FE3DA6CE8F137DB8 /* HFStringEncoding.m */,
				83BC2715B8671C1A3B919E70 /* HFRepresenterHexTextView.m */,
				CFA81498B1D36852FEFD069D /* HFHexTextRepresenter.m */,
				D6776F14808FD6AA738F3555 /* HFGlyphTrie.m */,
				769690DE947AD185C7D8236C /* HFByteArray.m */,
				5342643EC5644E7C0EC20F48 /* HFBinaryGlyphTable.m */,
				26C75F7D27D8CB968902974D /* HFByteSlice.m */,
				AA88DB9B07103109D76F0352 /* HFFullMemoryByteSlice.m */,
				4B444E9F9E64AFD1231912F9 /* HFFullMemoryByteArray.m */,
				61F6933E24CB67CECE989424 /* HFRepresenterStringEncodingTextView.m */,
				9FCF9CCD1788A34D3B89203E /* HFStringEncodingTextRepresenter.m */,
				3EF84F046EAFEC69E79EC01F /* HFVerticalScrollerRepresenter.m */,
				E0945B4222F0EAE37101B44B /* HFTextRepresenter_KeyBinding.m */,
				5B3FFE60770DBEE33B2003BF /* HFLineCountingRepresenter.m */,
				81E1E6549A5916912916ECDC /* HFLineCountingView.m */,
				A159A9C9E747D596FF32C8D2 /* HFLayoutRepresenter.m */,
				E43FBE8D6C8AA5CDF3317A03 /* HFStatusBarRepresenter.m */,
				AB9953DC6750348A392504F9 /* HFControllerCoalescedUndo.m */,
				4C3B085664328497D765FE90 /* HFPasteboardOwner.m */,
				39DE0790A11727E7F1989363 /* HFByteArray_FindReplace.m */,
				1025A1A990FEA9256DDFAB21 /* HFColorRange.m */,
				D51D54EC97C5A5393DA98494 /* HFEncodingManager.m */,
				0EAAAE509DAFE79A4456E682 /* HFFileReference.m */,
				20A8CEA6821836B9C8C890F5 /* HFFileByteSlice.m */,
				887D0B92C907018E24D839EC /* HFTextField.m */,
				F9AAB100D53BBC9141FD1A12 /* HFHexPasteboardOwner.m */,
				216CD5C3401EED3A0E40F6F6 /* HFHexGlyphTable.m */,
				7823AB2A018CC74B3A4A8DCF /* HFProgressTracker.m */,
				3CE52EEFF684419E9510F323 /* HFSharedMemoryByteSlice.m */,
				808376D67553AE958353CD19 /* HFUIUtils.m */,
				49FC44FA817CE730345714B8 /* HFByteArray_FileWriting.m */,
				924BC220ED0590E29D44D2E4 /* HFByteArrayEditScript.m */,
				8C68FAD9249EF85A9E1F3E91 /* HFByteSliceFileOperation.m */,
				4D2DFD5D9B227771499A3882 /* HFObjectGraph.m */,
				EAE4E14CCA178C976C061AD4 /* HFByteSliceFileOperationQueueEntry.m */,
				9F717328D8C0385C310755FA /* HFFastMemchr.m */,
				42D4B20DA7FA47E50EF022EF /* HFTextSelectionPulseView.m */,
				2A41D87588885D7C57090565 /* HFCancelButton.m */,
				84731AD7FBB8A5A4EC7902B5 /* HFRandomDataByteSlice.m */,
				8EBEC4770829BFD00AB9909C /* HFBTree.m */,
				C0E3A9F51C15F0DE4102EFC2 /* HFBTreeByteArray.m */,
				2FE8F4C38AF2B1550C9EDAD8 /* HFTextView.m */,
				8B3093DF682450F1E5F15A40 /* HFByteArrayProxiedData.m */,
				9B53400BE20828F721BC1A9E /* HFAttributedByteArray.m */,
				599D1D0FA886B06CF93671F8 /* HFColumnView.m */,
				2DC94474FC0E6DD12A97E472 /* HFByteRangeAttribute.m */,
				0F3FA372842FF74D2941A5D6 /* HFByteRangeAttributeArray.m */,
				B76E9C027D4AC5059643630C /* HFTextVisualStyleRun.m */,
				8C2E40765E857A711890D491 /* HFAnnotatedTree.m */,
				CF7707F3F48E6AC7C3AC24D9 /* HFRepresenterTextViewCallout.m */,
			);
			name = Sources;
			sourceTree = "<group>";
		};
/* End PBXGroup section */

/* Begin PBXHeadersBuildPhase section */
		88C8AB49324372DF09588ECA /* Headers */ = {
			isa = PBXHeadersBuildPhase;
			buildActionMask = 2147483647;
			files = (
				2AAE09A256A597A8128B4C02 /* HexFiend.h in Headers */,
				39E2CB54E1DEEEC187C4EE16 /* HFByteArrayEditScript.h in Headers */,
				2728EE8C3038DCCF919BD6E4 /* HFGlyphTrie.h in Headers */,
				A27543B41793F36EAEB36EE0 /* HFFullMemoryByteArray.h in Headers */,
				4961629767374E5DCAA0587C /* HFRepresenter_Internal.h in Headers */,
				66D2CB600C7638FEA2BCF566 /* HFFullMemoryByteSlice.h in Headers */,
				6887F2CC0B15D36DC6088299 /* HFHexGlyphTable.h in Headers */,
				83E71202AA67BB8574756664 /* HFByteArray.h in Headers */,
				114EF233755E1D1C81C768B6 /* HFByteSlice.h in Headers */,
				466B20E021F44AFB2777D4EA /* HFBinaryGlyphTable.h in Headers */,
				20DB92787EA9B19F6F2D0511 /* HFFunctions.h in Headers */,
				C8A8EF0E55352169B77F0BAA /* HFTypes.h in Headers */,
				D0FF43FBEAB20B11ECC2374D /* HFRepresenter.h in Headers */,
				52B2C44FA8C80B075711210C /* HFTextRepresenter.h in Headers */,
				A543E047AC267532DB0CB57A /* HFRepresenterTextView.h in Headers */,
				A88C3B2D8142602A9153B41F /* HFRepresenterHexTextView.h in Headers */,
				B38C614179FEBD0D2833F388 /* HFHexTextRepresenter.h in Headers */,
				5C0C461DFDFE438037CC3734 /* HFRepresenterBinaryTextView.h in Headers */,
				C4628AE2D6EA23D2186499A8 /* HFFrameworkPrefix.h in Headers */,
				1BC3C135B3F5999B416024BC /* HFByteArray_Internal.h in Headers */,
				A8DA9115F9A166AD1AB56A96 /* HFRepresenterStringEncodingTextView.h in Headers */,
				E9A4E9B47AA46BEE1845EABE /* HFColorRange.h in Headers */,
				A71B6204F1ED68BEC33FFD48 /* HFStringEncoding.h in Headers */,
				A5178ECCAAEEE121D1948E01 /* HFStringEncodingTextRepresenter.h in Headers */,
				5E27D9F38460ED5DEEAF1DFE /* HFVerticalScrollerRepresenter.h in Headers */,
				1E4C813F440D605E5EEB2EB9 /* HFUIUtils.h in Headers */,
				B842FE303AE33865666157D1 /* HFLineCountingRepresenter.h in Headers */,
				A9F122E34055B90F92965657 /* HFLineCountingView.h in Headers */,
				033C69CB575B026CE8A81930 /* HFFastMemchr.h in Headers */,
				FB01D9EA8970D4AF82CDBE29 /* HFCustomEncoding.h in Headers */,
				299AF01EAA17E65871F0D6D1 /* HFLayoutRepresenter.h in Headers */,
				729288E9281E74EDBD3596B6 /* HFColumnView.h in Headers */,
				E25FFF91204B4B9A3F9C6683 /* HFStatusBarRepresenter.h in Headers */,
				802FB1AE26EC8B7422FB7132 /* HFControllerCoalescedUndo.h in Headers */,
				1DDADCE193285C058F277C63 /* HFNSStringEncoding.h in Headers */,
				003733918D588513DED7AD1C /* HFPasteboardOwner.h in Headers */,
				ADED709F4D12C890A7DDF6CF /* HFByteSlice_Private.h in Headers */,
				B1382524B28078C956F65F97 /* HFFileReference.h in Headers */,
				F7349422B6662A2589A0A0A2 /* HFFileByteSlice.h in Headers */,
				B676DC650E20EE700CA442FE /* HFHexPasteboardOwner.h in Headers */,
				6A2C9B9417537DA0FBECE21C /* HFAssert.h in Headers */,
				73EBAE4D3C9F1F6FD74184D9 /* HFAttributedByteArray.h in Headers */,
				E7879304A75EC4810B350081 /* HFTextField.h in Headers */,
				079F57E9FDCBA10EA89CDC3F /* HFProgressTracker.h in Headers */,
				3BD31CF44055E48D68563938 /* HFSharedMemoryByteSlice.h in Headers */,
				CA5FF96AC55D3DE445996BD1 /* HFColumnRepresenter.h in Headers */,
				B64FBF935F86ADAE1994D16D /* HFByteSliceFileOperation.h in Headers */,
				81F8312EF35747BD1145A369 /* HFObjectGraph.h in Headers */,
				3D8131CAFF09150BBC3C7095 /* HFEncodingManager.h in Headers */,
				83FA2A1CBD20510F7B713317 /* HFByteSliceFileOperationQueueEntry.h in Headers */,
				33037A31CF607BD6C99C39EE /* HFTextSelectionPulseView.h in Headers */,
				D8D8CE70A38F280314056A90 /* HFController.h in Headers */,
				64BB162D9240143E7D2F7BFA /* HFCancelButton.h in Headers */,
				F1669602DE9C1195B1E12127 /* HFRandomDataByteSlice.h in Headers */,
				F519F9BBAC71E9A3442D8EF2 /* HFBTree.h in Headers */,
				0A9A09B84680BA228A9A329C /* HFBTreeByteArray.h in Headers */,
				33DEBC03CA8320630BF3A7F6 /* HFTextView.h in Headers */,
				A73C3E4AF98693F294AA232D /* HFTextRepresenter_Internal.h in Headers */,
				AE3D19C36F6BB7E5BB4A0D79 /* HFByteArrayProxiedData.h in Headers */,
				53A153F9730E285FDCD313C6 /* HFHelperProcessSharedCode.h in Headers */,
				68D4D6D0811A0CAAC39FD4BC /* HFByteRangeAttribute.h in Headers */,
				60E1926A76BFBE69BA69A3F4 /* HFBinaryTextRepresenter.h in Headers */,
				0DF91E92FEF4ED73DE1CBFEA /* HFByteRangeAttributeArray.h in Headers */,
				279AEFB0E934718042968B78 /* HFAnnotatedTree.h in Headers */,
				6CED19896D77563B9EE4D22E /* HFTextVisualStyleRun.h in Headers */,
				5021306493A18E503F4CAB81 /* HFRepresenterTextViewCallout.h in Headers */,
				41101BAD99915D0D44DC29B9 /* HFTest.h in Headers */,
			);
			runOnlyForDeploymentPostprocessing = 0;
		};
/* End PBXHeadersBuildPhase section */

/* Begin PBXNativeTarget section */
		1070E7C728563E78C6C95AC7 /* HexFiend */ = {
			isa = PBXNativeTarget;
			buildConfigurationList = A3AFCE73FEE7C606721DB0B7 /* Build configuration list for PBXNativeTarget "HexFiend" */;
			buildPhases = (
				88C8AB49324372DF09588ECA /* Headers */,
				2C822D3D3BF16782FA901A66 /* Sources */,
				BAF0558C275E1B803506FEF6 /* Frameworks */,
				A299A0E390067A6624746574 /* Resources */,
			);
			buildRules = (
			);
			dependencies = (
			);
			name = HexFiend;
			productName = HexFiend;
			productReference = A21250C8A62E762C71702AD5 /* HexFiend.framework */;
			productType = "com.apple.product-type.framework";
		};
/* End PBXNativeTarget section */

/* Begin PBXProject section */
		A615AD989ECB429066403814 /* Project object */ = {
			isa = PBXProject;
			attributes = {
				LastSwiftUpdateCheck = 1240;
				LastUpgradeCheck = 1240;
			};
			buildConfigurationList = E38581E6B92C2A139B530FDB /* Build configuration list for PBXProject "HexFiend" */;
			compatibilityVersion = "Xcode 3.2";
			developmentRegion = en;
			hasScannedForEncodings = 0;
			knownRegions = (
				en,
				Base,
			);
			mainGroup = B81406E11C5CC5D5BB4A91A5;
			productRefGroup = BBA7D5A93A32515C7F8C51AC /* Products */;
			projectDirPath = "";
			projectRoot = "";
			targets = (
				1070E7C728563E78C6C95AC7 /* HexFiend */,
			);
		};
/* End PBXProject section */

/* Begin PBXResourcesBuildPhase section */
		A299A0E390067A6624746574 /* Resources */ = {
			isa = PBXResourcesBuildPhase;
			buildActionMask = 2147483647;
			files = (
			);
			runOnlyForDeploymentPostprocessing = 0;
		};
/* End PBXResourcesBuildPhase section */

/* Begin PBXSourcesBuildPhase section */
		2C822D3D3BF16782FA901A66 /* Sources */ = {
			isa = PBXSourcesBuildPhase;
			buildActionMask = 2147483647;
			files = (
				49256E2930EE9CFE7982C873 /* HFController.m in Sources */,
				60E13D825BCA8741759E01D7 /* HFRepresenter.m in Sources */,
				CC4EFB0383F7BFE99EEFD122 /* HFFunctions.m in Sources */,
				B5A6D8A3D30B7736E4E4DA14 /* HFColumnRepresenter.m in Sources */,
				D5E7209D983B568AADF61A5F /* HFRepresenterBinaryTextView.m in Sources */,
				68C65C92326E41DF5CA641A1 /* HFTextRepresenter.m in Sources */,
				E448B53DF926ECB059DFC7C4 /* HFRepresenterTextView.m in Sources */,
				F13CCF08A58E7C04EE9F1A65 /* HFBinaryTextRepresenter.m in Sources */,
				B9A15ED73F35730207B5A2A3 /* HFCustomEncoding.m in Sources */,
				CD5E42F74962AA7541E7FAEC /* HFNSStringEncoding.m in Sources */,
				EB0F64BAA467F3F577A440C7 /* HFStringEncoding.m in Sources */,
				D3E2A2CD4859BC75F1B4C6EB /* HFRepresenterHexTextView.m in Sources */,
				7DCAB47BB751ECCB593832EE /* HFHexTextRepresenter.m in Sources */,
				1E1F2DAF669C28E196BB6DC6 /* HFGlyphTrie.m in Sources */,
				80AD7B96B74A772DDD495054 /* HFByteArray.m in Sources */,
				91523654712C5E20BF923BC8 /* HFBinaryGlyphTable.m in Sources */,
				FAB94895223F1447CAFB1FCD /* HFByteSlice.m in Sources */,
				62CCDD01BE596992B31ABF28 /* HFFullMemoryByteSlice.m in Sources */,
				C07B2C9B5AE8A692BF6096B7 /* HFFullMemoryByteArray.m in Sources */,
				896F4CB4A9FC46BF02B75DAA /* HFRepresenterStringEncodingTextView.m in Sources */,
				FCCAA88CFED6E7B55AB16A36 /* HFStringEncodingTextRepresenter.m in Sources */,
				1D19BE39B13EE6A0C20B67B9 /* HFVerticalScrollerRepresenter.m in Sources */,
				A0790288D49FE9D1D00AC4AF /* HFTextRepresenter_KeyBinding.m in Sources */,
				2CFE2DB615AD45240AFF2C42 /* HFLineCountingRepresenter.m in Sources */,
				7DDBFA3D499873F8C4D7EB65 /* HFLineCountingView.m in Sources */,
				2C49E0BB57A33D73F15CB69D /* HFLayoutRepresenter.m in Sources */,
				C33D92E34168AAFF2538389D /* HFStatusBarRepresenter.m in Sources */,
				9D44A6A29D214B91DF26D9EF /* HFControllerCoalescedUndo.m in Sources */,
				6702E531FBA3A551717276B7 /* HFPasteboardOwner.m in Sources */,
				12611703DABC7AADF7D47C40 /* HFByteArray_FindReplace.m in Sources */,
				0FA42FA3C565E401648CC598 /* HFColorRange.m in Sources */,
				EAB61B0EF7648E63C0490B18 /* HFEncodingManager.m in Sources */,
				6E63FF648DAE9D685E75359F /* HFFileReference.m in Sources */,
				B4F303CD1F42690130E2DA69 /* HFFileByteSlice.m in Sources */,
				289C1C0D5DD5DE9B326E76F0 /* HFTextField.m in Sources */,
				ADFE9778CE8F32E1F6C90782 /* HFHexPasteboardOwner.m in Sources */,
				3EF6AC92BB0C9300741374C7 /* HFHexGlyphTable.m in Sources */,
				5AD675343D3AAF3B0F7395BB /* HFProgressTracker.m in Sources */,
				86D64600CD4BD505D6D8BC46 /* HFSharedMemoryByteSlice.m in Sources */,
				E988B5AAEFF2878BCC6F457F /* HFUIUtils.m in Sources */,
				EED5E98F8961F7F377A207B8 /* HFByteArray_FileWriting.m in Sources */,
				D205D4B6EF0615869D3F6902 /* HFByteArrayEditScript.m in Sources */,
				32068326EBBCAA251E047FC5 /* HFByteSliceFileOperation.m in Sources */,
				5CAB132529AC717F37E69B05 /* HFObjectGraph.m in Sources */,
				A548297E95EE125210871084 /* HFByteSliceFileOperationQueueEntry.m in Sources */,
				C6BACED1E73511CA0E17B544 /* HFFastMemchr.m in Sources */,
				69CEB282A111AB5C4BED622D /* HFTextSelectionPulseView.m in Sources */,
				AA33A09227E7F2A1705DD844 /* HFCancelButton.m in Sources */,
				18F907FB96EC8A96E73AC5E6 /* HFRandomDataByteSlice.m in Sources */,
				917A48043EA607E66766E296 /* HFBTree.m in Sources */,
				9B9FA275FC0A3FA6FD1E654B /* HFBTreeByteArray.m in Sources */,
				BA3D9F9007F230CDC4B02064 /* HFTextView.m in Sources */,
				3836FE63CF07119153727261 /* HFByteArrayProxiedData.m in Sources */,
				850E270FB7A478167C9D7546 /* HFAttributedByteArray.m in Sources */,
				B48ACA3DD90B0D36003E78B8 /* HFColumnView.m in Sources */,
				14877DD7E8070F6328A8BCA5 /* HFByteRangeAttribute.m in Sources */,
				B86F6AD460E12982F65782A0 /* HFByteRangeAttributeArray.m in Sources */,
				A7ECF268BE60CA0DDA323C5C /* HFTextVisualStyleRun.m in Sources */,
				96B10E4695117AB891E1A56D /* HFAnnotatedTree.m in Sources */,
				FACC958F1553BBF581177FB0 /* HFRepresenterTextViewCallout.m in Sources */,
			);
			runOnlyForDeploymentPostprocessing = 0;
		};
/* End PBXSourcesBuildPhase section */

/* Begin XCBuildConfiguration section */
		49317E417383341150DF5F58 /* Debug */ = {
			isa = XCBuildConfiguration;
			buildSettings = {
				CLANG_ENABLE_OBJC_WEAK = NO;
				COMBINE_HIDPI_IMAGES = YES;
				CURRENT_PROJECT_VERSION = 1;
				DEFINES_MODULE = YES;
				DYLIB_COMPATIBILITY_VERSION = 1;
				DYLIB_CURRENT_VERSION = 1;
				DYLIB_INSTALL_NAME_BASE = "@rpath";
				GCC_PREPROCESSOR_DEFINITIONS = "HF_NO_PRIVILEGED_FILE_OPERATIONS=1";
				INFOPLIST_FILE = "../HexFiend/framework/HexFiend_Framework-Info.plist";
				INFOPLIST_PREFIX_HEADER = ../HexFiend/version.h;
				INFOPLIST_PREPROCESS = YES;
				INSTALL_PATH = "$(LOCAL_LIBRARY_DIR)/Frameworks";
				LD_RUNPATH_SEARCH_PATHS = "$(inherited) @executable_path/../Frameworks @loader_path/Frameworks";
				MACOSX_DEPLOYMENT_TARGET = 10.11;
				ONLY_ACTIVE_ARCH = NO;
				PRODUCT_BUNDLE_IDENTIFIER = "com.ridiculousfish.HexFiend-Framework";
				PRODUCT_NAME = "$(TARGET_NAME:c99extidentifier)";
				SDKROOT = macosx;
				SKIP_INSTALL = YES;
				VERSIONING_SYSTEM = "apple-generic";
				VERSION_INFO_PREFIX = "";
				WARNING_CFLAGS = "-Wno-conditional-uninitialized";
			};
			name = Debug;
		};
		5808A099FC615B15BE5AF873 /* Release */ = {
			isa = XCBuildConfiguration;
			buildSettings = {
				ALWAYS_SEARCH_USER_PATHS = NO;
				CLANG_ANALYZER_NONNULL = YES;
				CLANG_ANALYZER_NUMBER_OBJECT_CONVERSION = YES_AGGRESSIVE;
				CLANG_CXX_LANGUAGE_STANDARD = "gnu++14";
				CLANG_CXX_LIBRARY = "libc++";
				CLANG_ENABLE_MODULES = YES;
				CLANG_ENABLE_OBJC_ARC = YES;
				CLANG_ENABLE_OBJC_WEAK = YES;
				CLANG_WARN_BLOCK_CAPTURE_AUTORELEASING = YES;
				CLANG_WARN_BOOL_CONVERSION = YES;
				CLANG_WARN_COMMA = YES;
				CLANG_WARN_CONSTANT_CONVERSION = YES;
				CLANG_WARN_DEPRECATED_OBJC_IMPLEMENTATIONS = YES;
				CLANG_WARN_DIRECT_OBJC_ISA_USAGE = YES_ERROR;
				CLANG_WARN_DOCUMENTATION_COMMENTS = YES;
				CLANG_WARN_EMPTY_BODY = YES;
				CLANG_WARN_ENUM_CONVERSION = YES;
				CLANG_WARN_INFINITE_RECURSION = YES;
				CLANG_WARN_INT_CONVERSION = YES;
				CLANG_WARN_NON_LITERAL_NULL_CONVERSION = YES;
				CLANG_WARN_OBJC_IMPLICIT_RETAIN_SELF = YES;
				CLANG_WARN_OBJC_LITERAL_CONVERSION = YES;
				CLANG_WARN_OBJC_ROOT_CLASS = YES_ERROR;
				CLANG_WARN_QUOTED_INCLUDE_IN_FRAMEWORK_HEADER = YES;
				CLANG_WARN_RANGE_LOOP_ANALYSIS = YES;
				CLANG_WARN_STRICT_PROTOTYPES = YES;
				CLANG_WARN_SUSPICIOUS_MOVE = YES;
				CLANG_WARN_UNGUARDED_AVAILABILITY = YES_AGGRESSIVE;
				CLANG_WARN_UNREACHABLE_CODE = YES;
				CLANG_WARN__DUPLICATE_METHOD_MATCH = YES;
				COPY_PHASE_STRIP = NO;
				DEBUG_INFORMATION_FORMAT = "dwarf-with-dsym";
				ENABLE_NS_ASSERTIONS = NO;
				ENABLE_STRICT_OBJC_MSGSEND = YES;
				GCC_C_LANGUAGE_STANDARD = gnu11;
				GCC_NO_COMMON_BLOCKS = YES;
				GCC_WARN_64_TO_32_BIT_CONVERSION = YES;
				GCC_WARN_ABOUT_RETURN_TYPE = YES_ERROR;
				GCC_WARN_UNDECLARED_SELECTOR = YES;
				GCC_WARN_UNINITIALIZED_AUTOS = YES_AGGRESSIVE;
				GCC_WARN_UNUSED_FUNCTION = YES;
				GCC_WARN_UNUSED_VARIABLE = YES;
				MTL_ENABLE_DEBUG_INFO = NO;
				MTL_FAST_MATH = YES;
				PRODUCT_NAME = "$(TARGET_NAME)";
				SWIFT_OPTIMIZATION_LEVEL = "-Owholemodule";
				SWIFT_VERSION = 5.0;
			};
			name = Release;
		};
		64947FDC9D96B25C255F2120 /* Release */ = {
			isa = XCBuildConfiguration;
			buildSettings = {
				CLANG_ENABLE_OBJC_WEAK = NO;
				COMBINE_HIDPI_IMAGES = YES;
				CURRENT_PROJECT_VERSION = 1;
				DEFINES_MODULE = YES;
				DYLIB_COMPATIBILITY_VERSION = 1;
				DYLIB_CURRENT_VERSION = 1;
				DYLIB_INSTALL_NAME_BASE = "@rpath";
				GCC_PREPROCESSOR_DEFINITIONS = "HF_NO_PRIVILEGED_FILE_OPERATIONS=1";
				INFOPLIST_FILE = "../HexFiend/framework/HexFiend_Framework-Info.plist";
				INFOPLIST_PREFIX_HEADER = ../HexFiend/version.h;
				INFOPLIST_PREPROCESS = YES;
				INSTALL_PATH = "$(LOCAL_LIBRARY_DIR)/Frameworks";
				LD_RUNPATH_SEARCH_PATHS = "$(inherited) @executable_path/../Frameworks @loader_path/Frameworks";
				MACOSX_DEPLOYMENT_TARGET = 10.11;
				ONLY_ACTIVE_ARCH = NO;
				PRODUCT_BUNDLE_IDENTIFIER = "com.ridiculousfish.HexFiend-Framework";
				PRODUCT_NAME = "$(TARGET_NAME:c99extidentifier)";
				SDKROOT = macosx;
				SKIP_INSTALL = YES;
				VERSIONING_SYSTEM = "apple-generic";
				VERSION_INFO_PREFIX = "";
				WARNING_CFLAGS = "-Wno-conditional-uninitialized";
			};
			name = Release;
		};
		7FBD19D56B459ECE4A75D771 /* Debug */ = {
			isa = XCBuildConfiguration;
			buildSettings = {
				ALWAYS_SEARCH_USER_PATHS = NO;
				CLANG_ANALYZER_NONNULL = YES;
				CLANG_ANALYZER_NUMBER_OBJECT_CONVERSION = YES_AGGRESSIVE;
				CLANG_CXX_LANGUAGE_STANDARD = "gnu++14";
				CLANG_CXX_LIBRARY = "libc++";
				CLANG_ENABLE_MODULES = YES;
				CLANG_ENABLE_OBJC_ARC = YES;
				CLANG_ENABLE_OBJC_WEAK = YES;
				CLANG_WARN_BLOCK_CAPTURE_AUTORELEASING = YES;
				CLANG_WARN_BOOL_CONVERSION = YES;
				CLANG_WARN_COMMA = YES;
				CLANG_WARN_CONSTANT_CONVERSION = YES;
				CLANG_WARN_DEPRECATED_OBJC_IMPLEMENTATIONS = YES;
				CLANG_WARN_DIRECT_OBJC_ISA_USAGE = YES_ERROR;
				CLANG_WARN_DOCUMENTATION_COMMENTS = YES;
				CLANG_WARN_EMPTY_BODY = YES;
				CLANG_WARN_ENUM_CONVERSION = YES;
				CLANG_WARN_INFINITE_RECURSION = YES;
				CLANG_WARN_INT_CONVERSION = YES;
				CLANG_WARN_NON_LITERAL_NULL_CONVERSION = YES;
				CLANG_WARN_OBJC_IMPLICIT_RETAIN_SELF = YES;
				CLANG_WARN_OBJC_LITERAL_CONVERSION = YES;
				CLANG_WARN_OBJC_ROOT_CLASS = YES_ERROR;
				CLANG_WARN_QUOTED_INCLUDE_IN_FRAMEWORK_HEADER = YES;
				CLANG_WARN_RANGE_LOOP_ANALYSIS = YES;
				CLANG_WARN_STRICT_PROTOTYPES = YES;
				CLANG_WARN_SUSPICIOUS_MOVE = YES;
				CLANG_WARN_UNGUARDED_AVAILABILITY = YES_AGGRESSIVE;
				CLANG_WARN_UNREACHABLE_CODE = YES;
				CLANG_WARN__DUPLICATE_METHOD_MATCH = YES;
				COPY_PHASE_STRIP = NO;
				DEBUG_INFORMATION_FORMAT = dwarf;
				ENABLE_STRICT_OBJC_MSGSEND = YES;
				ENABLE_TESTABILITY = YES;
				GCC_C_LANGUAGE_STANDARD = gnu11;
				GCC_DYNAMIC_NO_PIC = NO;
				GCC_NO_COMMON_BLOCKS = YES;
				GCC_OPTIMIZATION_LEVEL = 0;
				GCC_PREPROCESSOR_DEFINITIONS = (
					"DEBUG=1",
					"$(inherited)",
				);
				GCC_WARN_64_TO_32_BIT_CONVERSION = YES;
				GCC_WARN_ABOUT_RETURN_TYPE = YES_ERROR;
				GCC_WARN_UNDECLARED_SELECTOR = YES;
				GCC_WARN_UNINITIALIZED_AUTOS = YES_AGGRESSIVE;
				GCC_WARN_UNUSED_FUNCTION = YES;
				GCC_WARN_UNUSED_VARIABLE = YES;
				MTL_ENABLE_DEBUG_INFO = INCLUDE_SOURCE;
				MTL_FAST_MATH = YES;
				ONLY_ACTIVE_ARCH = YES;
				PRODUCT_NAME = "$(TARGET_NAME)";
				SWIFT_ACTIVE_COMPILATION_CONDITIONS = DEBUG;
				SWIFT_OPTIMIZATION_LEVEL = "-Onone";
				SWIFT_VERSION = 5.0;
			};
			name = Debug;
		};
/* End XCBuildConfiguration section */

/* Begin XCConfigurationList section */
		A3AFCE73FEE7C606721DB0B7 /* Build configuration list for PBXNativeTarget "HexFiend" */ = {
			isa = XCConfigurationList;
			buildConfigurations = (
				64947FDC9D96B25C255F2120 /* Release */,
				49317E417383341150DF5F58 /* Debug */,
			);
			defaultConfigurationIsVisible = 0;
			defaultConfigurationName = Release;
		};
		E38581E6B92C2A139B530FDB /* Build configuration list for PBXProject "HexFiend" */ = {
			isa = XCConfigurationList;
			buildConfigurations = (
				7FBD19D56B459ECE4A75D771 /* Debug */,
				5808A099FC615B15BE5AF873 /* Release */,
			);
			defaultConfigurationIsVisible = 0;
			defaultConfigurationName = Release;
		};
/* End XCConfigurationList section */
	};
	rootObject = A615AD989ECB429066403814 /* Project object */;
}
